<?xml version="1.0" encoding="UTF-8"?>
<!DOCTYPE plist PUBLIC "-//Apple//DTD PLIST 1.0//EN" "http://www.apple.com/DTDs/PropertyList-1.0.dtd">
<plist version="1.0">
<dict>
	<key>archiveVersion</key>
	<string>1</string>
	<key>classes</key>
	<dict/>
	<key>objectVersion</key>
	<string>46</string>
	<key>objects</key>
	<dict>
		<key>33FB37751AD026E21F27C645</key>
		<dict>
			<key>explicitFileType</key>
			<string>wrapper.framework</string>
			<key>includeInIndex</key>
			<string>0</string>
			<key>isa</key>
			<string>PBXFileReference</string>
			<key>path</key>
			<string>Pods_GeoConfess.framework</string>
			<key>sourceTree</key>
			<string>BUILT_PRODUCTS_DIR</string>
		</dict>
		<key>3D5CFEB1F1DE5274DA8B47B5</key>
		<dict>
			<key>buildActionMask</key>
			<string>2147483647</string>
			<key>files</key>
			<array/>
			<key>inputPaths</key>
			<array/>
			<key>isa</key>
			<string>PBXShellScriptBuildPhase</string>
			<key>name</key>
			<string>[CP] Check Pods Manifest.lock</string>
			<key>outputPaths</key>
			<array/>
			<key>runOnlyForDeploymentPostprocessing</key>
			<string>0</string>
			<key>shellPath</key>
			<string>/bin/sh</string>
			<key>shellScript</key>
			<string>diff "${PODS_ROOT}/../Podfile.lock" "${PODS_ROOT}/Manifest.lock" &gt; /dev/null
if [[ $? != 0 ]] ; then
    cat &lt;&lt; EOM
error: The sandbox is not in sync with the Podfile.lock. Run 'pod install' or update your CocoaPods installation.
EOM
    exit 1
fi
</string>
			<key>showEnvVarsInLog</key>
			<string>0</string>
		</dict>
		<key>409003289D917544D2D254BD</key>
		<dict>
			<key>buildActionMask</key>
			<string>2147483647</string>
			<key>files</key>
			<array/>
			<key>inputPaths</key>
			<array/>
			<key>isa</key>
			<string>PBXShellScriptBuildPhase</string>
			<key>name</key>
			<string>[CP] Copy Pods Resources</string>
			<key>outputPaths</key>
			<array/>
			<key>runOnlyForDeploymentPostprocessing</key>
			<string>0</string>
			<key>shellPath</key>
			<string>/bin/sh</string>
			<key>shellScript</key>
			<string>"${SRCROOT}/Pods/Target Support Files/Pods-GeoConfess/Pods-GeoConfess-resources.sh"
</string>
			<key>showEnvVarsInLog</key>
			<string>0</string>
		</dict>
		<key>45B960A21CD0171600F2CC3D</key>
		<dict>
			<key>isa</key>
			<string>PBXFileReference</string>
			<key>lastKnownFileType</key>
			<string>wrapper.framework</string>
			<key>name</key>
			<string>MapKit.framework</string>
			<key>path</key>
			<string>System/Library/Frameworks/MapKit.framework</string>
			<key>sourceTree</key>
			<string>SDKROOT</string>
		</dict>
		<key>45B960A31CD0171600F2CC3D</key>
		<dict>
			<key>fileRef</key>
			<string>45B960A21CD0171600F2CC3D</string>
			<key>isa</key>
			<string>PBXBuildFile</string>
		</dict>
		<key>45B960A41CD0184600F2CC3D</key>
		<dict>
			<key>fileEncoding</key>
			<string>4</string>
			<key>isa</key>
			<string>PBXFileReference</string>
			<key>lastKnownFileType</key>
			<string>sourcecode.swift</string>
			<key>path</key>
			<string>AppleMapVC.swift</string>
			<key>sourceTree</key>
			<string>&lt;group&gt;</string>
		</dict>
		<key>45B960A51CD0184700F2CC3D</key>
		<dict>
			<key>fileRef</key>
			<string>45B960A41CD0184600F2CC3D</string>
			<key>isa</key>
			<string>PBXBuildFile</string>
		</dict>
		<key>45BBC57A1CB7D33B007AFB37</key>
		<dict>
			<key>children</key>
			<array>
				<string>BA0D34AB1C86196E0038B283</string>
				<string>E6E337281C997AE400E26843</string>
				<string>45BBC57B1CB7D34C007AFB37</string>
			</array>
			<key>isa</key>
			<string>PBXGroup</string>
			<key>name</key>
			<string>Frameworks</string>
			<key>sourceTree</key>
			<string>&lt;group&gt;</string>
		</dict>
		<key>45BBC57B1CB7D34C007AFB37</key>
		<dict>
			<key>children</key>
			<array>
				<string>45BBC57C1CB7D361007AFB37</string>
				<string>45BBC57D1CB7D361007AFB37</string>
				<string>45BBC57E1CB7D361007AFB37</string>
				<string>45BBC57F1CB7D361007AFB37</string>
				<string>45BBC5801CB7D361007AFB37</string>
				<string>45BBC5811CB7D361007AFB37</string>
				<string>45BBC5821CB7D361007AFB37</string>
				<string>45BBC5831CB7D361007AFB37</string>
			</array>
			<key>isa</key>
			<string>PBXGroup</string>
			<key>name</key>
			<string>LocationTracker</string>
			<key>sourceTree</key>
			<string>&lt;group&gt;</string>
		</dict>
		<key>45BBC57C1CB7D361007AFB37</key>
		<dict>
			<key>fileEncoding</key>
			<string>4</string>
			<key>isa</key>
			<string>PBXFileReference</string>
			<key>lastKnownFileType</key>
			<string>sourcecode.c.h</string>
			<key>name</key>
			<string>BackgroundTaskManager.h</string>
			<key>path</key>
			<string>Libraries/LocationTracker/BackgroundTaskManager.h</string>
			<key>sourceTree</key>
			<string>&lt;group&gt;</string>
		</dict>
		<key>45BBC57D1CB7D361007AFB37</key>
		<dict>
			<key>fileEncoding</key>
			<string>4</string>
			<key>isa</key>
			<string>PBXFileReference</string>
			<key>lastKnownFileType</key>
			<string>sourcecode.c.objc</string>
			<key>name</key>
			<string>BackgroundTaskManager.m</string>
			<key>path</key>
			<string>Libraries/LocationTracker/BackgroundTaskManager.m</string>
			<key>sourceTree</key>
			<string>&lt;group&gt;</string>
		</dict>
		<key>45BBC57E1CB7D361007AFB37</key>
		<dict>
			<key>fileEncoding</key>
			<string>4</string>
			<key>isa</key>
			<string>PBXFileReference</string>
			<key>lastKnownFileType</key>
			<string>sourcecode.c.h</string>
			<key>name</key>
			<string>LocationShareModel.h</string>
			<key>path</key>
			<string>Libraries/LocationTracker/LocationShareModel.h</string>
			<key>sourceTree</key>
			<string>&lt;group&gt;</string>
		</dict>
		<key>45BBC57F1CB7D361007AFB37</key>
		<dict>
			<key>fileEncoding</key>
			<string>4</string>
			<key>isa</key>
			<string>PBXFileReference</string>
			<key>lastKnownFileType</key>
			<string>sourcecode.c.objc</string>
			<key>name</key>
			<string>LocationShareModel.m</string>
			<key>path</key>
			<string>Libraries/LocationTracker/LocationShareModel.m</string>
			<key>sourceTree</key>
			<string>&lt;group&gt;</string>
		</dict>
		<key>45BBC5801CB7D361007AFB37</key>
		<dict>
			<key>fileEncoding</key>
			<string>4</string>
			<key>isa</key>
			<string>PBXFileReference</string>
			<key>lastKnownFileType</key>
			<string>sourcecode.c.h</string>
			<key>name</key>
			<string>LocationViewController.h</string>
			<key>path</key>
			<string>Libraries/LocationTracker/LocationViewController.h</string>
			<key>sourceTree</key>
			<string>&lt;group&gt;</string>
		</dict>
		<key>45BBC5811CB7D361007AFB37</key>
		<dict>
			<key>fileEncoding</key>
			<string>4</string>
			<key>isa</key>
			<string>PBXFileReference</string>
			<key>lastKnownFileType</key>
			<string>sourcecode.c.objc</string>
			<key>name</key>
			<string>LocationViewController.m</string>
			<key>path</key>
			<string>Libraries/LocationTracker/LocationViewController.m</string>
			<key>sourceTree</key>
			<string>&lt;group&gt;</string>
		</dict>
		<key>45BBC5821CB7D361007AFB37</key>
		<dict>
			<key>fileEncoding</key>
			<string>4</string>
			<key>isa</key>
			<string>PBXFileReference</string>
			<key>lastKnownFileType</key>
			<string>sourcecode.c.h</string>
			<key>name</key>
			<string>NSLocationTracker.h</string>
			<key>path</key>
			<string>Libraries/LocationTracker/NSLocationTracker.h</string>
			<key>sourceTree</key>
			<string>&lt;group&gt;</string>
		</dict>
		<key>45BBC5831CB7D361007AFB37</key>
		<dict>
			<key>fileEncoding</key>
			<string>4</string>
			<key>isa</key>
			<string>PBXFileReference</string>
			<key>lastKnownFileType</key>
			<string>sourcecode.c.objc</string>
			<key>name</key>
			<string>NSLocationTracker.m</string>
			<key>path</key>
			<string>Libraries/LocationTracker/NSLocationTracker.m</string>
			<key>sourceTree</key>
			<string>&lt;group&gt;</string>
		</dict>
		<key>45BBC5841CB7D361007AFB37</key>
		<dict>
			<key>fileRef</key>
			<string>45BBC57D1CB7D361007AFB37</string>
			<key>isa</key>
			<string>PBXBuildFile</string>
		</dict>
		<key>45BBC5851CB7D361007AFB37</key>
		<dict>
			<key>fileRef</key>
			<string>45BBC57F1CB7D361007AFB37</string>
			<key>isa</key>
			<string>PBXBuildFile</string>
		</dict>
		<key>45BBC5861CB7D361007AFB37</key>
		<dict>
			<key>fileRef</key>
			<string>45BBC5811CB7D361007AFB37</string>
			<key>isa</key>
			<string>PBXBuildFile</string>
		</dict>
		<key>45BBC5871CB7D361007AFB37</key>
		<dict>
			<key>fileRef</key>
			<string>45BBC5831CB7D361007AFB37</string>
			<key>isa</key>
			<string>PBXBuildFile</string>
		</dict>
		<key>4DF925581CFE296B0004705C</key>
		<dict>
			<key>fileEncoding</key>
			<string>4</string>
			<key>isa</key>
			<string>PBXFileReference</string>
			<key>lastKnownFileType</key>
			<string>sourcecode.swift</string>
			<key>path</key>
			<string>InactiveUserViewController.swift</string>
			<key>sourceTree</key>
			<string>&lt;group&gt;</string>
		</dict>
		<key>4DF925591CFE296B0004705C</key>
		<dict>
			<key>fileRef</key>
			<string>4DF925581CFE296B0004705C</string>
			<key>isa</key>
			<string>PBXBuildFile</string>
		</dict>
		<key>51D3640D20F9196A6C02DA9B</key>
		<dict>
			<key>buildActionMask</key>
			<string>2147483647</string>
			<key>files</key>
			<array/>
			<key>inputPaths</key>
			<array/>
			<key>isa</key>
			<string>PBXShellScriptBuildPhase</string>
			<key>name</key>
			<string>Embed Pods Frameworks</string>
			<key>outputPaths</key>
			<array/>
			<key>runOnlyForDeploymentPostprocessing</key>
			<string>0</string>
			<key>shellPath</key>
			<string>/bin/sh</string>
			<key>shellScript</key>
			<string>"${SRCROOT}/Pods/Target Support Files/Pods-GeoConfess/Pods-GeoConfess-frameworks.sh"
</string>
			<key>showEnvVarsInLog</key>
			<string>0</string>
		</dict>
		<key>5748A2361C9ACFF400959766</key>
		<dict>
			<key>fileEncoding</key>
			<string>4</string>
			<key>isa</key>
			<string>PBXFileReference</string>
			<key>lastKnownFileType</key>
			<string>sourcecode.swift</string>
			<key>path</key>
			<string>ContactsTableViewController.swift</string>
			<key>sourceTree</key>
			<string>&lt;group&gt;</string>
		</dict>
		<key>5748A2371C9ACFF400959766</key>
		<dict>
			<key>fileRef</key>
			<string>5748A2361C9ACFF400959766</string>
			<key>isa</key>
			<string>PBXBuildFile</string>
		</dict>
		<key>5748A23A1C9AD0B900959766</key>
		<dict>
			<key>fileEncoding</key>
			<string>4</string>
			<key>isa</key>
			<string>PBXFileReference</string>
			<key>lastKnownFileType</key>
			<string>sourcecode.swift</string>
			<key>path</key>
			<string>ContactsTableViewCell.swift</string>
			<key>sourceTree</key>
			<string>&lt;group&gt;</string>
		</dict>
		<key>5748A23B1C9AD0B900959766</key>
		<dict>
			<key>fileEncoding</key>
			<string>4</string>
			<key>isa</key>
			<string>PBXFileReference</string>
			<key>lastKnownFileType</key>
			<string>file.xib</string>
			<key>path</key>
			<string>ContactsTableViewCell.xib</string>
			<key>sourceTree</key>
			<string>&lt;group&gt;</string>
		</dict>
		<key>5748A23C1C9AD0B900959766</key>
		<dict>
			<key>fileRef</key>
			<string>5748A23A1C9AD0B900959766</string>
			<key>isa</key>
			<string>PBXBuildFile</string>
		</dict>
		<key>5748A23D1C9AD0B900959766</key>
		<dict>
			<key>fileRef</key>
			<string>5748A23B1C9AD0B900959766</string>
			<key>isa</key>
			<string>PBXBuildFile</string>
		</dict>
		<key>5748A2401C9AE55F00959766</key>
		<dict>
			<key>isa</key>
			<string>PBXFileReference</string>
			<key>lastKnownFileType</key>
			<string>wrapper.framework</string>
			<key>name</key>
			<string>MessageUI.framework</string>
			<key>path</key>
			<string>System/Library/Frameworks/MessageUI.framework</string>
			<key>sourceTree</key>
			<string>SDKROOT</string>
		</dict>
		<key>5748A2411C9AE55F00959766</key>
		<dict>
			<key>fileRef</key>
			<string>5748A2401C9AE55F00959766</string>
			<key>isa</key>
			<string>PBXBuildFile</string>
		</dict>
		<key>5748A2421C9B2CDC00959766</key>
		<dict>
			<key>fileEncoding</key>
			<string>4</string>
			<key>isa</key>
			<string>PBXFileReference</string>
			<key>lastKnownFileType</key>
			<string>sourcecode.swift</string>
			<key>path</key>
			<string>ContactsViewController.swift</string>
			<key>sourceTree</key>
			<string>&lt;group&gt;</string>
		</dict>
		<key>5748A2431C9B2CDC00959766</key>
		<dict>
			<key>fileRef</key>
			<string>5748A2421C9B2CDC00959766</string>
			<key>isa</key>
			<string>PBXBuildFile</string>
		</dict>
		<key>5760F2721C9C0E7900B0CB6F</key>
		<dict>
			<key>fileEncoding</key>
			<string>4</string>
			<key>isa</key>
			<string>PBXFileReference</string>
			<key>lastKnownFileType</key>
			<string>sourcecode.swift</string>
			<key>path</key>
			<string>ProfileViewController.swift</string>
			<key>sourceTree</key>
			<string>&lt;group&gt;</string>
		</dict>
		<key>5760F2731C9C0E7900B0CB6F</key>
		<dict>
			<key>fileRef</key>
			<string>5760F2721C9C0E7900B0CB6F</string>
			<key>isa</key>
			<string>PBXBuildFile</string>
		</dict>
		<key>5ED5999D6AFF80ABB85AD2C5</key>
		<dict>
			<key>buildActionMask</key>
			<string>2147483647</string>
			<key>files</key>
			<array/>
			<key>inputPaths</key>
			<array/>
			<key>isa</key>
			<string>PBXShellScriptBuildPhase</string>
			<key>name</key>
			<string>[CP] Check Pods Manifest.lock</string>
			<key>outputPaths</key>
			<array/>
			<key>runOnlyForDeploymentPostprocessing</key>
			<string>0</string>
			<key>shellPath</key>
			<string>/bin/sh</string>
			<key>shellScript</key>
			<string>diff "${PODS_ROOT}/../Podfile.lock" "${PODS_ROOT}/Manifest.lock" &gt; /dev/null
if [[ $? != 0 ]] ; then
    cat &lt;&lt; EOM
error: The sandbox is not in sync with the Podfile.lock. Run 'pod install' or update your CocoaPods installation.
EOM
    exit 1
fi
</string>
			<key>showEnvVarsInLog</key>
			<string>0</string>
		</dict>
		<key>62EF3C889E988BDD9FEEB868</key>
		<dict>
			<key>fileRef</key>
			<string>33FB37751AD026E21F27C645</string>
			<key>isa</key>
			<string>PBXBuildFile</string>
		</dict>
		<key>841A94C91CCE215600225565</key>
		<dict>
			<key>fileEncoding</key>
			<string>4</string>
			<key>isa</key>
			<string>PBXFileReference</string>
			<key>lastKnownFileType</key>
			<string>sourcecode.swift</string>
			<key>path</key>
			<string>Notification.swift</string>
			<key>sourceTree</key>
			<string>&lt;group&gt;</string>
		</dict>
		<key>841A94CA1CCE215600225565</key>
		<dict>
			<key>fileRef</key>
			<string>841A94C91CCE215600225565</string>
			<key>isa</key>
			<string>PBXBuildFile</string>
		</dict>
		<key>84C4BF3F1C806BDF00D4593D</key>
		<dict>
			<key>children</key>
			<array>
				<string>84C4BF4A1C806BDF00D4593D</string>
				<string>AE5EB9251CB1BF19005FE4AF</string>
				<string>84C4BF491C806BDF00D4593D</string>
				<string>C32CE42EC5964B49A7079D99</string>
				<string>DD46E3105510E9859AECED41</string>
			</array>
			<key>isa</key>
			<string>PBXGroup</string>
			<key>sourceTree</key>
			<string>&lt;group&gt;</string>
		</dict>
		<key>84C4BF401C806BDF00D4593D</key>
		<dict>
			<key>attributes</key>
			<dict>
				<key>LastSwiftUpdateCheck</key>
				<string>0720</string>
				<key>LastUpgradeCheck</key>
				<string>0720</string>
				<key>ORGANIZATIONNAME</key>
				<string>KTO</string>
				<key>TargetAttributes</key>
				<dict>
					<key>84C4BF471C806BDF00D4593D</key>
					<dict>
						<key>CreatedOnToolsVersion</key>
						<string>7.2</string>
						<key>DevelopmentTeam</key>
						<string>4FN75U67K4</string>
						<key>SystemCapabilities</key>
						<dict>
							<key>com.apple.Push</key>
							<dict>
								<key>enabled</key>
								<string>1</string>
							</dict>
						</dict>
					</dict>
				</dict>
			</dict>
			<key>buildConfigurationList</key>
			<string>84C4BF431C806BDF00D4593D</string>
			<key>compatibilityVersion</key>
			<string>Xcode 3.2</string>
			<key>developmentRegion</key>
			<string>English</string>
			<key>hasScannedForEncodings</key>
			<string>0</string>
			<key>isa</key>
			<string>PBXProject</string>
			<key>knownRegions</key>
			<array>
				<string>en</string>
				<string>Base</string>
			</array>
			<key>mainGroup</key>
			<string>84C4BF3F1C806BDF00D4593D</string>
			<key>productRefGroup</key>
			<string>84C4BF491C806BDF00D4593D</string>
			<key>projectDirPath</key>
			<string></string>
			<key>projectReferences</key>
			<array/>
			<key>projectRoot</key>
			<string></string>
			<key>targets</key>
			<array>
				<string>84C4BF471C806BDF00D4593D</string>
			</array>
		</dict>
		<key>84C4BF431C806BDF00D4593D</key>
		<dict>
			<key>buildConfigurations</key>
			<array>
				<string>84C4BF581C806BDF00D4593D</string>
				<string>84C4BF591C806BDF00D4593D</string>
			</array>
			<key>defaultConfigurationIsVisible</key>
			<string>0</string>
			<key>defaultConfigurationName</key>
			<string>Release</string>
			<key>isa</key>
			<string>XCConfigurationList</string>
		</dict>
		<key>84C4BF441C806BDF00D4593D</key>
		<dict>
			<key>buildActionMask</key>
			<string>2147483647</string>
			<key>files</key>
			<array>
				<string>AE0F00471CCA88FE005B3E1F</string>
				<string>AE3F86C01CD95C710042D098</string>
				<string>BA2E67241C85CD6F001850C7</string>
				<string>AEBF37791CFD457800DCD710</string>
				<string>BA2E67221C85C98A001850C7</string>
				<string>AEB5AD161CB74925006E7A7D</string>
				<string>AE0F004D1CCABCEE005B3E1F</string>
				<string>AE3F86C11CD95C710042D098</string>
				<string>AEDE47F11CC3565F00710F20</string>
				<string>841A94CA1CCE215600225565</string>
				<string>AEB9D00B1CB5FB240036A8CD</string>
				<string>AE3EF9331CC9CE3C00AB0404</string>
				<string>E6E337231C98F8C400E26843</string>
				<string>BA0D34B51C86196E0038B283</string>
				<string>FA4F3E681C9C061A00566F3C</string>
				<string>BA0D34BA1C86256F0038B283</string>
				<string>AEE522BA1D03D76F005C0978</string>
				<string>84C4BF4C1C806BDF00D4593D</string>
				<string>45B960A51CD0184700F2CC3D</string>
				<string>AE3EF9391CC9CE7B00AB0404</string>
				<string>BA0D34BC1C8625AA0038B283</string>
				<string>AEDDDDF21CCF315B009F361B</string>
				<string>AED83A2C1CFB1A6B00A68DA4</string>
				<string>E652DB8B1C89277B009E5934</string>
				<string>AED83BFE1CB5633C00DB1299</string>
				<string>E6E3372B1C997AF100E26843</string>
				<string>AE3EF9361CC9CE3C00AB0404</string>
				<string>84C4BF5E1C806C4900D4593D</string>
				<string>AE2E13921CF104D4006A5C19</string>
				<string>AE3EF9371CC9CE3C00AB0404</string>
				<string>E63DB6291C89F64800E6D8BA</string>
				<string>45BBC5841CB7D361007AFB37</string>
				<string>AED83C001CB563D200DB1299</string>
				<string>AED83BF71CB5628B00DB1299</string>
				<string>BA6A60831C859FBD00DB62D6</string>
				<string>AE0BC26F1CE29933003E9BDC</string>
				<string>45BBC5851CB7D361007AFB37</string>
				<string>BA6A60811C859F4F00DB62D6</string>
				<string>AE0F00461CCA88FE005B3E1F</string>
				<string>AE3EA9431CE0E0DF00C49B98</string>
				<string>45BBC5871CB7D361007AFB37</string>
				<string>BA0D34B81C8624610038B283</string>
				<string>AE3F86C21CD95C710042D098</string>
				<string>AE53A0161CBF72FE00A31320</string>
				<string>AEB0F8471D02D24F00E3ABC0</string>
				<string>AE83C9541D020DFF005DB594</string>
				<string>BA0D34B41C86196E0038B283</string>
				<string>45BBC5861CB7D361007AFB37</string>
				<string>5748A23C1C9AD0B900959766</string>
				<string>5748A2371C9ACFF400959766</string>
				<string>AE3EF9341CC9CE3C00AB0404</string>
				<string>AEDC7FC11CADB81A0080A97A</string>
				<string>AEE522BB1D03D76F005C0978</string>
				<string>AED83BF31CB5621500DB1299</string>
				<string>877D60241CD2203800790779</string>
				<string>AEFFE8441CF7353600689011</string>
				<string>E63DB62B1C89F66100E6D8BA</string>
				<string>AE0F004A1CCA8BF2005B3E1F</string>
				<string>AE66208B1CF78590001F0CB8</string>
				<string>5748A2431C9B2CDC00959766</string>
				<string>BA0D34AA1C8616EC0038B283</string>
				<string>BA0D34B61C86196E0038B283</string>
				<string>AEC0B7C11CB4A8820037A12E</string>
				<string>5760F2731C9C0E7900B0CB6F</string>
				<string>4DF925591CFE296B0004705C</string>
				<string>BA0D34B31C86196E0038B283</string>
				<string>AE0BC26D1CE292DC003E9BDC</string>
				<string>AE3EF9351CC9CE3C00AB0404</string>
				<string>AE0F00451CCA88FE005B3E1F</string>
				<string>E6DE06BC1C88D01200A560E3</string>
			</array>
			<key>isa</key>
			<string>PBXSourcesBuildPhase</string>
			<key>runOnlyForDeploymentPostprocessing</key>
			<string>0</string>
		</dict>
		<key>84C4BF451C806BDF00D4593D</key>
		<dict>
			<key>buildActionMask</key>
			<string>2147483647</string>
			<key>files</key>
			<array>
				<string>AE83C9561D020F1F005DB594</string>
				<string>45B960A31CD0171600F2CC3D</string>
				<string>5748A2411C9AE55F00959766</string>
				<string>AE292E2F1CBC5C850037B7E8</string>
				<string>62EF3C889E988BDD9FEEB868</string>
			</array>
			<key>isa</key>
			<string>PBXFrameworksBuildPhase</string>
			<key>runOnlyForDeploymentPostprocessing</key>
			<string>0</string>
		</dict>
		<key>84C4BF461C806BDF00D4593D</key>
		<dict>
			<key>buildActionMask</key>
			<string>2147483647</string>
			<key>files</key>
			<array>
				<string>AEB265AA1CEA862B009A214E</string>
				<string>84C4BF561C806BDF00D4593D</string>
				<string>84C4BF511C806BDF00D4593D</string>
				<string>AEC272851CD05DBE00A76D63</string>
				<string>AEC272821CD05CCD00A76D63</string>
				<string>AE8BA6381CD7AC84005FA638</string>
				<string>878A13671CD82C8E00A83F5B</string>
				<string>AE0F004B1CCA8BF2005B3E1F</string>
				<string>AEB0F8451D02C39900E3ABC0</string>
				<string>5748A23D1C9AD0B900959766</string>
				<string>AEDC910F1CD3B4DB008D3187</string>
				<string>AE22F34D1CD3BC690086CACE</string>
				<string>AE22F34E1CD3BC690086CACE</string>
				<string>AEDC910D1CD3B4DB008D3187</string>
				<string>AEDC910E1CD3B4DB008D3187</string>
				<string>AEA9B1EE1CED64B1008E7FAA</string>
				<string>AE22F34F1CD3BC690086CACE</string>
				<string>AE22F3501CD3BC690086CACE</string>
				<string>AE22F34C1CD3BC690086CACE</string>
				<string>BA0D34B21C86196E0038B283</string>
				<string>84C4BF531C806BDF00D4593D</string>
			</array>
			<key>isa</key>
			<string>PBXResourcesBuildPhase</string>
			<key>runOnlyForDeploymentPostprocessing</key>
			<string>0</string>
		</dict>
		<key>84C4BF471C806BDF00D4593D</key>
		<dict>
			<key>buildConfigurationList</key>
			<string>84C4BF5A1C806BDF00D4593D</string>
			<key>buildPhases</key>
			<array>
				<string>5ED5999D6AFF80ABB85AD2C5</string>
				<string>3D5CFEB1F1DE5274DA8B47B5</string>
				<string>84C4BF441C806BDF00D4593D</string>
				<string>84C4BF451C806BDF00D4593D</string>
				<string>84C4BF461C806BDF00D4593D</string>
				<string>F1B10989D43E713C006ED041</string>
				<string>409003289D917544D2D254BD</string>
				<string>B1B12C35DF1FCF3154693341</string>
				<string>CB939DE9BCB1E04A420BA774</string>
				<string>51D3640D20F9196A6C02DA9B</string>
			</array>
			<key>buildRules</key>
			<array/>
			<key>dependencies</key>
			<array/>
			<key>isa</key>
			<string>PBXNativeTarget</string>
			<key>name</key>
			<string>GeoConfess</string>
			<key>productName</key>
			<string>GeoConfess</string>
			<key>productReference</key>
			<string>84C4BF481C806BDF00D4593D</string>
			<key>productType</key>
			<string>com.apple.product-type.application</string>
		</dict>
		<key>84C4BF481C806BDF00D4593D</key>
		<dict>
			<key>explicitFileType</key>
			<string>wrapper.application</string>
			<key>includeInIndex</key>
			<string>0</string>
			<key>isa</key>
			<string>PBXFileReference</string>
			<key>path</key>
			<string>GeoConfess.app</string>
			<key>sourceTree</key>
			<string>BUILT_PRODUCTS_DIR</string>
		</dict>
		<key>84C4BF491C806BDF00D4593D</key>
		<dict>
			<key>children</key>
			<array>
				<string>84C4BF481C806BDF00D4593D</string>
			</array>
			<key>isa</key>
			<string>PBXGroup</string>
			<key>name</key>
			<string>Products</string>
			<key>sourceTree</key>
			<string>&lt;group&gt;</string>
		</dict>
		<key>84C4BF4A1C806BDF00D4593D</key>
		<dict>
			<key>children</key>
			<array>
				<string>BA0D34B91C86256F0038B283</string>
				<string>84C4BF4B1C806BDF00D4593D</string>
				<string>AE2B5F5F1CB567C200CB0F4E</string>
				<string>AEC0B7BF1CB4A7150037A12E</string>
				<string>BA6A607B1C85981800DB62D6</string>
				<string>45BBC57A1CB7D33B007AFB37</string>
				<string>AE5EB9241CB1BEE8005FE4AF</string>
			</array>
			<key>isa</key>
			<string>PBXGroup</string>
			<key>path</key>
			<string>Sources</string>
			<key>sourceTree</key>
			<string>&lt;group&gt;</string>
		</dict>
		<key>84C4BF4B1C806BDF00D4593D</key>
		<dict>
			<key>isa</key>
			<string>PBXFileReference</string>
			<key>lastKnownFileType</key>
			<string>sourcecode.swift</string>
			<key>path</key>
			<string>AppDelegate.swift</string>
			<key>sourceTree</key>
			<string>&lt;group&gt;</string>
		</dict>
		<key>84C4BF4C1C806BDF00D4593D</key>
		<dict>
			<key>fileRef</key>
			<string>84C4BF4B1C806BDF00D4593D</string>
			<key>isa</key>
			<string>PBXBuildFile</string>
		</dict>
		<key>84C4BF4F1C806BDF00D4593D</key>
		<dict>
			<key>children</key>
			<array>
				<string>84C4BF501C806BDF00D4593D</string>
			</array>
			<key>isa</key>
			<string>PBXVariantGroup</string>
			<key>name</key>
			<string>Main.storyboard</string>
			<key>path</key>
			<string>Resources</string>
			<key>sourceTree</key>
			<string>&lt;group&gt;</string>
		</dict>
		<key>84C4BF501C806BDF00D4593D</key>
		<dict>
			<key>isa</key>
			<string>PBXFileReference</string>
			<key>lastKnownFileType</key>
			<string>file.storyboard</string>
			<key>name</key>
			<string>Base</string>
			<key>path</key>
			<string>Base.lproj/Main.storyboard</string>
			<key>sourceTree</key>
			<string>&lt;group&gt;</string>
		</dict>
		<key>84C4BF511C806BDF00D4593D</key>
		<dict>
			<key>fileRef</key>
			<string>84C4BF4F1C806BDF00D4593D</string>
			<key>isa</key>
			<string>PBXBuildFile</string>
		</dict>
		<key>84C4BF521C806BDF00D4593D</key>
		<dict>
			<key>isa</key>
			<string>PBXFileReference</string>
			<key>lastKnownFileType</key>
			<string>folder.assetcatalog</string>
			<key>name</key>
			<string>Assets.xcassets</string>
			<key>path</key>
			<string>Resources/Assets.xcassets</string>
			<key>sourceTree</key>
			<string>&lt;group&gt;</string>
		</dict>
		<key>84C4BF531C806BDF00D4593D</key>
		<dict>
			<key>fileRef</key>
			<string>84C4BF521C806BDF00D4593D</string>
			<key>isa</key>
			<string>PBXBuildFile</string>
		</dict>
		<key>84C4BF541C806BDF00D4593D</key>
		<dict>
			<key>children</key>
			<array>
				<string>84C4BF551C806BDF00D4593D</string>
			</array>
			<key>isa</key>
			<string>PBXVariantGroup</string>
			<key>name</key>
			<string>LaunchScreen.storyboard</string>
			<key>path</key>
			<string>Resources</string>
			<key>sourceTree</key>
			<string>&lt;group&gt;</string>
		</dict>
		<key>84C4BF551C806BDF00D4593D</key>
		<dict>
			<key>isa</key>
			<string>PBXFileReference</string>
			<key>lastKnownFileType</key>
			<string>file.storyboard</string>
			<key>name</key>
			<string>Base</string>
			<key>path</key>
			<string>Base.lproj/LaunchScreen.storyboard</string>
			<key>sourceTree</key>
			<string>&lt;group&gt;</string>
		</dict>
		<key>84C4BF561C806BDF00D4593D</key>
		<dict>
			<key>fileRef</key>
			<string>84C4BF541C806BDF00D4593D</string>
			<key>isa</key>
			<string>PBXBuildFile</string>
		</dict>
		<key>84C4BF581C806BDF00D4593D</key>
		<dict>
			<key>buildSettings</key>
			<dict>
				<key>ALWAYS_SEARCH_USER_PATHS</key>
				<string>NO</string>
				<key>CLANG_CXX_LANGUAGE_STANDARD</key>
				<string>gnu++0x</string>
				<key>CLANG_CXX_LIBRARY</key>
				<string>libc++</string>
				<key>CLANG_ENABLE_MODULES</key>
				<string>YES</string>
				<key>CLANG_ENABLE_OBJC_ARC</key>
				<string>YES</string>
				<key>CLANG_WARN_BOOL_CONVERSION</key>
				<string>YES</string>
				<key>CLANG_WARN_CONSTANT_CONVERSION</key>
				<string>YES</string>
				<key>CLANG_WARN_DIRECT_OBJC_ISA_USAGE</key>
				<string>YES_ERROR</string>
				<key>CLANG_WARN_EMPTY_BODY</key>
				<string>YES</string>
				<key>CLANG_WARN_ENUM_CONVERSION</key>
				<string>YES</string>
				<key>CLANG_WARN_INT_CONVERSION</key>
				<string>YES</string>
				<key>CLANG_WARN_OBJC_ROOT_CLASS</key>
				<string>YES_ERROR</string>
				<key>CLANG_WARN_UNREACHABLE_CODE</key>
				<string>YES</string>
				<key>CLANG_WARN__DUPLICATE_METHOD_MATCH</key>
				<string>YES</string>
				<key>CODE_SIGN_IDENTITY[sdk=iphoneos*]</key>
				<string>iPhone Developer</string>
				<key>COPY_PHASE_STRIP</key>
				<string>NO</string>
				<key>DEBUG_INFORMATION_FORMAT</key>
				<string>dwarf</string>
				<key>ENABLE_STRICT_OBJC_MSGSEND</key>
				<string>YES</string>
				<key>ENABLE_TESTABILITY</key>
				<string>YES</string>
				<key>GCC_C_LANGUAGE_STANDARD</key>
				<string>gnu99</string>
				<key>GCC_DYNAMIC_NO_PIC</key>
				<string>NO</string>
				<key>GCC_NO_COMMON_BLOCKS</key>
				<string>YES</string>
				<key>GCC_OPTIMIZATION_LEVEL</key>
				<string>0</string>
				<key>GCC_PREPROCESSOR_DEFINITIONS</key>
				<array>
					<string>DEBUG=1</string>
					<string>$(inherited)</string>
				</array>
				<key>GCC_WARN_64_TO_32_BIT_CONVERSION</key>
				<string>YES</string>
				<key>GCC_WARN_ABOUT_RETURN_TYPE</key>
				<string>YES_ERROR</string>
				<key>GCC_WARN_UNDECLARED_SELECTOR</key>
				<string>YES</string>
				<key>GCC_WARN_UNINITIALIZED_AUTOS</key>
				<string>YES_AGGRESSIVE</string>
				<key>GCC_WARN_UNUSED_FUNCTION</key>
				<string>YES</string>
				<key>GCC_WARN_UNUSED_VARIABLE</key>
				<string>YES</string>
				<key>IPHONEOS_DEPLOYMENT_TARGET</key>
				<string>9.2</string>
				<key>MTL_ENABLE_DEBUG_INFO</key>
				<string>YES</string>
				<key>ONLY_ACTIVE_ARCH</key>
				<string>YES</string>
				<key>SDKROOT</key>
				<string>iphoneos</string>
				<key>SWIFT_OPTIMIZATION_LEVEL</key>
				<string>-Onone</string>
			</dict>
			<key>isa</key>
			<string>XCBuildConfiguration</string>
			<key>name</key>
			<string>Debug</string>
		</dict>
		<key>84C4BF591C806BDF00D4593D</key>
		<dict>
			<key>buildSettings</key>
			<dict>
				<key>ALWAYS_SEARCH_USER_PATHS</key>
				<string>NO</string>
				<key>CLANG_CXX_LANGUAGE_STANDARD</key>
				<string>gnu++0x</string>
				<key>CLANG_CXX_LIBRARY</key>
				<string>libc++</string>
				<key>CLANG_ENABLE_MODULES</key>
				<string>YES</string>
				<key>CLANG_ENABLE_OBJC_ARC</key>
				<string>YES</string>
				<key>CLANG_WARN_BOOL_CONVERSION</key>
				<string>YES</string>
				<key>CLANG_WARN_CONSTANT_CONVERSION</key>
				<string>YES</string>
				<key>CLANG_WARN_DIRECT_OBJC_ISA_USAGE</key>
				<string>YES_ERROR</string>
				<key>CLANG_WARN_EMPTY_BODY</key>
				<string>YES</string>
				<key>CLANG_WARN_ENUM_CONVERSION</key>
				<string>YES</string>
				<key>CLANG_WARN_INT_CONVERSION</key>
				<string>YES</string>
				<key>CLANG_WARN_OBJC_ROOT_CLASS</key>
				<string>YES_ERROR</string>
				<key>CLANG_WARN_UNREACHABLE_CODE</key>
				<string>YES</string>
				<key>CLANG_WARN__DUPLICATE_METHOD_MATCH</key>
				<string>YES</string>
				<key>CODE_SIGN_IDENTITY[sdk=iphoneos*]</key>
				<string>iPhone Developer</string>
				<key>COPY_PHASE_STRIP</key>
				<string>NO</string>
				<key>DEBUG_INFORMATION_FORMAT</key>
				<string>dwarf-with-dsym</string>
				<key>ENABLE_NS_ASSERTIONS</key>
				<string>NO</string>
				<key>ENABLE_STRICT_OBJC_MSGSEND</key>
				<string>YES</string>
				<key>GCC_C_LANGUAGE_STANDARD</key>
				<string>gnu99</string>
				<key>GCC_NO_COMMON_BLOCKS</key>
				<string>YES</string>
				<key>GCC_WARN_64_TO_32_BIT_CONVERSION</key>
				<string>YES</string>
				<key>GCC_WARN_ABOUT_RETURN_TYPE</key>
				<string>YES_ERROR</string>
				<key>GCC_WARN_UNDECLARED_SELECTOR</key>
				<string>YES</string>
				<key>GCC_WARN_UNINITIALIZED_AUTOS</key>
				<string>YES_AGGRESSIVE</string>
				<key>GCC_WARN_UNUSED_FUNCTION</key>
				<string>YES</string>
				<key>GCC_WARN_UNUSED_VARIABLE</key>
				<string>YES</string>
				<key>IPHONEOS_DEPLOYMENT_TARGET</key>
				<string>9.2</string>
				<key>MTL_ENABLE_DEBUG_INFO</key>
				<string>NO</string>
				<key>SDKROOT</key>
				<string>iphoneos</string>
				<key>VALIDATE_PRODUCT</key>
				<string>YES</string>
			</dict>
			<key>isa</key>
			<string>XCBuildConfiguration</string>
			<key>name</key>
			<string>Release</string>
		</dict>
		<key>84C4BF5A1C806BDF00D4593D</key>
		<dict>
			<key>buildConfigurations</key>
			<array>
				<string>84C4BF5B1C806BDF00D4593D</string>
				<string>84C4BF5C1C806BDF00D4593D</string>
			</array>
			<key>defaultConfigurationIsVisible</key>
			<string>0</string>
			<key>defaultConfigurationName</key>
			<string>Release</string>
			<key>isa</key>
			<string>XCConfigurationList</string>
		</dict>
		<key>84C4BF5B1C806BDF00D4593D</key>
		<dict>
			<key>baseConfigurationReference</key>
			<string>E5353B2D3B56D0F09E5ED756</string>
			<key>buildSettings</key>
			<dict>
				<key>ASSETCATALOG_COMPILER_APPICON_NAME</key>
				<string>AppIcon</string>
				<key>CLANG_ENABLE_MODULES</key>
				<string>YES</string>
				<key>CODE_SIGN_IDENTITY</key>
				<string>iPhone Developer</string>
				<key>CODE_SIGN_IDENTITY[sdk=iphoneos*]</key>
				<string>iPhone Developer</string>
				<key>FRAMEWORK_SEARCH_PATHS</key>
				<string>$(inherited)</string>
				<key>INFOPLIST_FILE</key>
				<string>$(SRCROOT)/Resources/Info.plist</string>
				<key>IPHONEOS_DEPLOYMENT_TARGET</key>
				<string>8.0</string>
				<key>LD_RUNPATH_SEARCH_PATHS</key>
				<string>$(inherited) @executable_path/Frameworks</string>
				<key>OTHER_SWIFT_FLAGS</key>
				<string>$(inherited) "-D" "COCOAPODS" -D DEBUG</string>
				<key>PRODUCT_BUNDLE_IDENTIFIER</key>
				<string>com.ktotv.geoconfess</string>
				<key>PRODUCT_NAME</key>
				<string>$(TARGET_NAME)</string>
				<key>PROVISIONING_PROFILE</key>
				<string></string>
				<key>SWIFT_OBJC_BRIDGING_HEADER</key>
				<string>Sources/GeoConfess-Bridging-Header.h</string>
				<key>SWIFT_OPTIMIZATION_LEVEL</key>
				<string>-Onone</string>
			</dict>
			<key>isa</key>
			<string>XCBuildConfiguration</string>
			<key>name</key>
			<string>Debug</string>
		</dict>
		<key>84C4BF5C1C806BDF00D4593D</key>
		<dict>
			<key>baseConfigurationReference</key>
			<string>A94F99C4598372E530E24948</string>
			<key>buildSettings</key>
			<dict>
				<key>ASSETCATALOG_COMPILER_APPICON_NAME</key>
				<string>AppIcon</string>
				<key>CLANG_ENABLE_MODULES</key>
				<string>YES</string>
				<key>CODE_SIGN_IDENTITY</key>
				<string>iPhone Developer</string>
				<key>CODE_SIGN_IDENTITY[sdk=iphoneos*]</key>
				<string>iPhone Developer</string>
				<key>FRAMEWORK_SEARCH_PATHS</key>
				<string>$(inherited)</string>
				<key>INFOPLIST_FILE</key>
				<string>$(SRCROOT)/Resources/Info.plist</string>
				<key>IPHONEOS_DEPLOYMENT_TARGET</key>
				<string>8.0</string>
				<key>LD_RUNPATH_SEARCH_PATHS</key>
				<string>$(inherited) @executable_path/Frameworks</string>
				<key>OTHER_SWIFT_FLAGS</key>
				<string>$(inherited) "-D" "COCOAPODS" -D RELEASE</string>
				<key>PRODUCT_BUNDLE_IDENTIFIER</key>
				<string>com.ktotv.geoconfess</string>
				<key>PRODUCT_NAME</key>
				<string>$(TARGET_NAME)</string>
				<key>PROVISIONING_PROFILE</key>
				<string></string>
				<key>SWIFT_OBJC_BRIDGING_HEADER</key>
				<string>Sources/GeoConfess-Bridging-Header.h</string>
			</dict>
			<key>isa</key>
			<string>XCBuildConfiguration</string>
			<key>name</key>
			<string>Release</string>
		</dict>
		<key>84C4BF5D1C806C4900D4593D</key>
		<dict>
			<key>fileEncoding</key>
			<string>4</string>
			<key>isa</key>
			<string>PBXFileReference</string>
			<key>lastKnownFileType</key>
			<string>sourcecode.swift</string>
			<key>path</key>
			<string>LoadingViewController.swift</string>
			<key>sourceTree</key>
			<string>&lt;group&gt;</string>
		</dict>
		<key>84C4BF5E1C806C4900D4593D</key>
		<dict>
			<key>fileRef</key>
			<string>84C4BF5D1C806C4900D4593D</string>
			<key>isa</key>
			<string>PBXBuildFile</string>
		</dict>
		<key>877D60231CD2203800790779</key>
		<dict>
			<key>fileEncoding</key>
			<string>4</string>
			<key>isa</key>
			<string>PBXFileReference</string>
			<key>lastKnownFileType</key>
			<string>sourcecode.swift</string>
			<key>path</key>
			<string>UILabel+AutoHeight.swift</string>
			<key>sourceTree</key>
			<string>&lt;group&gt;</string>
		</dict>
		<key>877D60241CD2203800790779</key>
		<dict>
			<key>fileRef</key>
			<string>877D60231CD2203800790779</string>
			<key>isa</key>
			<string>PBXBuildFile</string>
		</dict>
		<key>878A13651CD82C8E00A83F5B</key>
		<dict>
			<key>children</key>
			<array>
				<string>878A13661CD82C8E00A83F5B</string>
			</array>
			<key>isa</key>
			<string>PBXVariantGroup</string>
			<key>name</key>
			<string>MeetRequests.storyboard</string>
			<key>sourceTree</key>
			<string>&lt;group&gt;</string>
		</dict>
		<key>878A13661CD82C8E00A83F5B</key>
		<dict>
			<key>isa</key>
			<string>PBXFileReference</string>
			<key>lastKnownFileType</key>
			<string>file.storyboard</string>
			<key>name</key>
			<string>Base</string>
			<key>path</key>
			<string>Resources/Base.lproj/MeetRequests.storyboard</string>
			<key>sourceTree</key>
			<string>&lt;group&gt;</string>
		</dict>
		<key>878A13671CD82C8E00A83F5B</key>
		<dict>
			<key>fileRef</key>
			<string>878A13651CD82C8E00A83F5B</string>
			<key>isa</key>
			<string>PBXBuildFile</string>
		</dict>
		<key>A94F99C4598372E530E24948</key>
		<dict>
			<key>includeInIndex</key>
			<string>1</string>
			<key>isa</key>
			<string>PBXFileReference</string>
			<key>lastKnownFileType</key>
			<string>text.xcconfig</string>
			<key>name</key>
			<string>Pods-GeoConfess.release.xcconfig</string>
			<key>path</key>
			<string>Pods/Target Support Files/Pods-GeoConfess/Pods-GeoConfess.release.xcconfig</string>
			<key>sourceTree</key>
			<string>&lt;group&gt;</string>
		</dict>
		<key>AE0BC26C1CE292DC003E9BDC</key>
		<dict>
			<key>fileEncoding</key>
			<string>4</string>
			<key>isa</key>
			<string>PBXFileReference</string>
			<key>lastKnownFileType</key>
			<string>sourcecode.swift</string>
			<key>path</key>
			<string>Priest.swift</string>
			<key>sourceTree</key>
			<string>&lt;group&gt;</string>
		</dict>
		<key>AE0BC26D1CE292DC003E9BDC</key>
		<dict>
			<key>fileRef</key>
			<string>AE0BC26C1CE292DC003E9BDC</string>
			<key>isa</key>
			<string>PBXBuildFile</string>
		</dict>
		<key>AE0BC26E1CE29933003E9BDC</key>
		<dict>
			<key>fileEncoding</key>
			<string>4</string>
			<key>isa</key>
			<string>PBXFileReference</string>
			<key>lastKnownFileType</key>
			<string>sourcecode.swift</string>
			<key>path</key>
			<string>Penitent.swift</string>
			<key>sourceTree</key>
			<string>&lt;group&gt;</string>
		</dict>
		<key>AE0BC26F1CE29933003E9BDC</key>
		<dict>
			<key>fileRef</key>
			<string>AE0BC26E1CE29933003E9BDC</string>
			<key>isa</key>
			<string>PBXBuildFile</string>
		</dict>
		<key>AE0F00421CCA88FE005B3E1F</key>
		<dict>
			<key>fileEncoding</key>
			<string>4</string>
			<key>isa</key>
			<string>PBXFileReference</string>
			<key>lastKnownFileType</key>
			<string>sourcecode.swift</string>
			<key>path</key>
			<string>CreateRecurrenceWithDateViewController.swift</string>
			<key>sourceTree</key>
			<string>&lt;group&gt;</string>
		</dict>
		<key>AE0F00431CCA88FE005B3E1F</key>
		<dict>
			<key>fileEncoding</key>
			<string>4</string>
			<key>isa</key>
			<string>PBXFileReference</string>
			<key>lastKnownFileType</key>
			<string>sourcecode.swift</string>
			<key>path</key>
			<string>CreateRecurrenceWithWeekDaysViewController.swift</string>
			<key>sourceTree</key>
			<string>&lt;group&gt;</string>
		</dict>
		<key>AE0F00441CCA88FE005B3E1F</key>
		<dict>
			<key>fileEncoding</key>
			<string>4</string>
			<key>isa</key>
			<string>PBXFileReference</string>
			<key>lastKnownFileType</key>
			<string>sourcecode.swift</string>
			<key>path</key>
			<string>CreateSpotViewController.swift</string>
			<key>sourceTree</key>
			<string>&lt;group&gt;</string>
		</dict>
		<key>AE0F00451CCA88FE005B3E1F</key>
		<dict>
			<key>fileRef</key>
			<string>AE0F00421CCA88FE005B3E1F</string>
			<key>isa</key>
			<string>PBXBuildFile</string>
		</dict>
		<key>AE0F00461CCA88FE005B3E1F</key>
		<dict>
			<key>fileRef</key>
			<string>AE0F00431CCA88FE005B3E1F</string>
			<key>isa</key>
			<string>PBXBuildFile</string>
		</dict>
		<key>AE0F00471CCA88FE005B3E1F</key>
		<dict>
			<key>fileRef</key>
			<string>AE0F00441CCA88FE005B3E1F</string>
			<key>isa</key>
			<string>PBXBuildFile</string>
		</dict>
		<key>AE0F00481CCA8BF2005B3E1F</key>
		<dict>
			<key>fileEncoding</key>
			<string>4</string>
			<key>isa</key>
			<string>PBXFileReference</string>
			<key>lastKnownFileType</key>
			<string>sourcecode.swift</string>
			<key>path</key>
			<string>SpotsTableViewCell.swift</string>
			<key>sourceTree</key>
			<string>&lt;group&gt;</string>
		</dict>
		<key>AE0F00491CCA8BF2005B3E1F</key>
		<dict>
			<key>fileEncoding</key>
			<string>4</string>
			<key>isa</key>
			<string>PBXFileReference</string>
			<key>lastKnownFileType</key>
			<string>file.xib</string>
			<key>path</key>
			<string>SpotsTableViewCell.xib</string>
			<key>sourceTree</key>
			<string>&lt;group&gt;</string>
		</dict>
		<key>AE0F004A1CCA8BF2005B3E1F</key>
		<dict>
			<key>fileRef</key>
			<string>AE0F00481CCA8BF2005B3E1F</string>
			<key>isa</key>
			<string>PBXBuildFile</string>
		</dict>
		<key>AE0F004B1CCA8BF2005B3E1F</key>
		<dict>
			<key>fileRef</key>
			<string>AE0F00491CCA8BF2005B3E1F</string>
			<key>isa</key>
			<string>PBXBuildFile</string>
		</dict>
		<key>AE0F004C1CCABCEE005B3E1F</key>
		<dict>
			<key>fileEncoding</key>
			<string>4</string>
			<key>isa</key>
			<string>PBXFileReference</string>
			<key>lastKnownFileType</key>
			<string>sourcecode.swift</string>
			<key>path</key>
			<string>Objects.swift</string>
			<key>sourceTree</key>
			<string>&lt;group&gt;</string>
		</dict>
		<key>AE0F004D1CCABCEE005B3E1F</key>
		<dict>
			<key>fileRef</key>
			<string>AE0F004C1CCABCEE005B3E1F</string>
			<key>isa</key>
			<string>PBXBuildFile</string>
		</dict>
		<key>AE22F3471CD3BC690086CACE</key>
		<dict>
			<key>isa</key>
			<string>PBXFileReference</string>
			<key>lastKnownFileType</key>
			<string>file</string>
			<key>name</key>
			<string>Advent Light.otf</string>
			<key>path</key>
			<string>Resources/Fonts/Advent Light.otf</string>
			<key>sourceTree</key>
			<string>SOURCE_ROOT</string>
		</dict>
		<key>AE22F3481CD3BC690086CACE</key>
		<dict>
			<key>isa</key>
			<string>PBXFileReference</string>
			<key>lastKnownFileType</key>
			<string>file</string>
			<key>name</key>
			<string>AdventPro Bold.otf</string>
			<key>path</key>
			<string>Resources/Fonts/AdventPro Bold.otf</string>
			<key>sourceTree</key>
			<string>SOURCE_ROOT</string>
		</dict>
		<key>AE22F3491CD3BC690086CACE</key>
		<dict>
			<key>isa</key>
			<string>PBXFileReference</string>
			<key>lastKnownFileType</key>
			<string>file</string>
			<key>name</key>
			<string>AdventPro Light.otf</string>
			<key>path</key>
			<string>Resources/Fonts/AdventPro Light.otf</string>
			<key>sourceTree</key>
			<string>SOURCE_ROOT</string>
		</dict>
		<key>AE22F34A1CD3BC690086CACE</key>
		<dict>
			<key>isa</key>
			<string>PBXFileReference</string>
			<key>lastKnownFileType</key>
			<string>file</string>
			<key>name</key>
			<string>Helvetica Neue Bold.ttf</string>
			<key>path</key>
			<string>Resources/Fonts/Helvetica Neue Bold.ttf</string>
			<key>sourceTree</key>
			<string>SOURCE_ROOT</string>
		</dict>
		<key>AE22F34B1CD3BC690086CACE</key>
		<dict>
			<key>isa</key>
			<string>PBXFileReference</string>
			<key>lastKnownFileType</key>
			<string>file</string>
			<key>name</key>
			<string>Helvetica Neue Roman.ttf</string>
			<key>path</key>
			<string>Resources/Fonts/Helvetica Neue Roman.ttf</string>
			<key>sourceTree</key>
			<string>SOURCE_ROOT</string>
		</dict>
		<key>AE22F34C1CD3BC690086CACE</key>
		<dict>
			<key>fileRef</key>
			<string>AE22F3471CD3BC690086CACE</string>
			<key>isa</key>
			<string>PBXBuildFile</string>
		</dict>
		<key>AE22F34D1CD3BC690086CACE</key>
		<dict>
			<key>fileRef</key>
			<string>AE22F3481CD3BC690086CACE</string>
			<key>isa</key>
			<string>PBXBuildFile</string>
		</dict>
		<key>AE22F34E1CD3BC690086CACE</key>
		<dict>
			<key>fileRef</key>
			<string>AE22F3491CD3BC690086CACE</string>
			<key>isa</key>
			<string>PBXBuildFile</string>
		</dict>
		<key>AE22F34F1CD3BC690086CACE</key>
		<dict>
			<key>fileRef</key>
			<string>AE22F34A1CD3BC690086CACE</string>
			<key>isa</key>
			<string>PBXBuildFile</string>
		</dict>
		<key>AE22F3501CD3BC690086CACE</key>
		<dict>
			<key>fileRef</key>
			<string>AE22F34B1CD3BC690086CACE</string>
			<key>isa</key>
			<string>PBXBuildFile</string>
		</dict>
		<key>AE292E2E1CBC5C850037B7E8</key>
		<dict>
			<key>isa</key>
			<string>PBXFileReference</string>
			<key>lastKnownFileType</key>
			<string>wrapper.framework</string>
			<key>name</key>
			<string>CoreLocation.framework</string>
			<key>path</key>
			<string>System/Library/Frameworks/CoreLocation.framework</string>
			<key>sourceTree</key>
			<string>SDKROOT</string>
		</dict>
		<key>AE292E2F1CBC5C850037B7E8</key>
		<dict>
			<key>fileRef</key>
			<string>AE292E2E1CBC5C850037B7E8</string>
			<key>isa</key>
			<string>PBXBuildFile</string>
		</dict>
		<key>AE2B5F5F1CB567C200CB0F4E</key>
		<dict>
			<key>children</key>
			<array>
				<string>BA0D34BB1C8625AA0038B283</string>
				<string>AE0BC26C1CE292DC003E9BDC</string>
				<string>AE0BC26E1CE29933003E9BDC</string>
				<string>AE66208A1CF78590001F0CB8</string>
				<string>AED83BFF1CB563D200DB1299</string>
				<string>AE0F004C1CCABCEE005B3E1F</string>
				<string>AEDC7FC01CADB81A0080A97A</string>
				<string>AED83BFD1CB5633C00DB1299</string>
				<string>AE3F86BD1CD95C710042D098</string>
				<string>AED83BF61CB5628B00DB1299</string>
				<string>BA0D34A91C8616EC0038B283</string>
				<string>AE3EA9421CE0E0DF00C49B98</string>
				<string>841A94C91CCE215600225565</string>
				<string>AEBF37781CFD457800DCD710</string>
				<string>AE2E13911CF104D4006A5C19</string>
			</array>
			<key>isa</key>
			<string>PBXGroup</string>
			<key>name</key>
			<string>Models</string>
			<key>sourceTree</key>
			<string>&lt;group&gt;</string>
		</dict>
		<key>AE2E13901CEE725E006A5C19</key>
		<dict>
			<key>isa</key>
			<string>PBXFileReference</string>
			<key>lastKnownFileType</key>
			<string>text.xml</string>
			<key>name</key>
			<string>Cupertino.gpx</string>
			<key>path</key>
			<string>Resources/Cupertino.gpx</string>
			<key>sourceTree</key>
			<string>&lt;group&gt;</string>
		</dict>
		<key>AE2E13911CF104D4006A5C19</key>
		<dict>
			<key>fileEncoding</key>
			<string>4</string>
			<key>isa</key>
			<string>PBXFileReference</string>
			<key>lastKnownFileType</key>
			<string>sourcecode.swift</string>
			<key>path</key>
			<string>Observable.swift</string>
			<key>sourceTree</key>
			<string>&lt;group&gt;</string>
		</dict>
		<key>AE2E13921CF104D4006A5C19</key>
		<dict>
			<key>fileRef</key>
			<string>AE2E13911CF104D4006A5C19</string>
			<key>isa</key>
			<string>PBXBuildFile</string>
		</dict>
		<key>AE3EA9421CE0E0DF00C49B98</key>
		<dict>
			<key>fileEncoding</key>
			<string>4</string>
			<key>isa</key>
			<string>PBXFileReference</string>
			<key>lastKnownFileType</key>
			<string>sourcecode.swift</string>
			<key>path</key>
			<string>Spot.swift</string>
			<key>sourceTree</key>
			<string>&lt;group&gt;</string>
		</dict>
		<key>AE3EA9431CE0E0DF00C49B98</key>
		<dict>
			<key>fileRef</key>
			<string>AE3EA9421CE0E0DF00C49B98</string>
			<key>isa</key>
			<string>PBXBuildFile</string>
		</dict>
		<key>AE3EF92D1CC9CE1D00AB0404</key>
		<dict>
			<key>children</key>
			<array>
				<string>AEE522B81D03D76F005C0978</string>
				<string>AEE522B91D03D76F005C0978</string>
				<string>AE3EF92E1CC9CE3C00AB0404</string>
				<string>AE3EF92F1CC9CE3C00AB0404</string>
				<string>AE3EF9301CC9CE3C00AB0404</string>
				<string>AE3EF9311CC9CE3C00AB0404</string>
				<string>AE3EF9321CC9CE3C00AB0404</string>
				<string>AEB0F8461D02D24F00E3ABC0</string>
				<string>45B960A41CD0184600F2CC3D</string>
			</array>
			<key>isa</key>
			<string>PBXGroup</string>
			<key>name</key>
			<string>Meet Request</string>
			<key>sourceTree</key>
			<string>&lt;group&gt;</string>
		</dict>
		<key>AE3EF92E1CC9CE3C00AB0404</key>
		<dict>
			<key>fileEncoding</key>
			<string>4</string>
			<key>isa</key>
			<string>PBXFileReference</string>
			<key>lastKnownFileType</key>
			<string>sourcecode.swift</string>
			<key>path</key>
			<string>BookingAcceptedPriestVC.swift</string>
			<key>sourceTree</key>
			<string>&lt;group&gt;</string>
		</dict>
		<key>AE3EF92F1CC9CE3C00AB0404</key>
		<dict>
			<key>fileEncoding</key>
			<string>4</string>
			<key>isa</key>
			<string>PBXFileReference</string>
			<key>lastKnownFileType</key>
			<string>sourcecode.swift</string>
			<key>path</key>
			<string>StaticSpotViewController.swift</string>
			<key>sourceTree</key>
			<string>&lt;group&gt;</string>
		</dict>
		<key>AE3EF9301CC9CE3C00AB0404</key>
		<dict>
			<key>fileEncoding</key>
			<string>4</string>
			<key>isa</key>
			<string>PBXFileReference</string>
			<key>lastKnownFileType</key>
			<string>sourcecode.swift</string>
			<key>path</key>
			<string>BookingRequestPendingPriestVC.swift</string>
			<key>sourceTree</key>
			<string>&lt;group&gt;</string>
		</dict>
		<key>AE3EF9311CC9CE3C00AB0404</key>
		<dict>
			<key>fileEncoding</key>
			<string>4</string>
			<key>isa</key>
			<string>PBXFileReference</string>
			<key>lastKnownFileType</key>
			<string>sourcecode.swift</string>
			<key>path</key>
			<string>MeetRequestViewController.swift</string>
			<key>sourceTree</key>
			<string>&lt;group&gt;</string>
		</dict>
		<key>AE3EF9321CC9CE3C00AB0404</key>
		<dict>
			<key>fileEncoding</key>
			<string>4</string>
			<key>isa</key>
			<string>PBXFileReference</string>
			<key>lastKnownFileType</key>
			<string>sourcecode.swift</string>
			<key>path</key>
			<string>NotificationsViewController.swift</string>
			<key>sourceTree</key>
			<string>&lt;group&gt;</string>
		</dict>
		<key>AE3EF9331CC9CE3C00AB0404</key>
		<dict>
			<key>fileRef</key>
			<string>AE3EF92E1CC9CE3C00AB0404</string>
			<key>isa</key>
			<string>PBXBuildFile</string>
		</dict>
		<key>AE3EF9341CC9CE3C00AB0404</key>
		<dict>
			<key>fileRef</key>
			<string>AE3EF92F1CC9CE3C00AB0404</string>
			<key>isa</key>
			<string>PBXBuildFile</string>
		</dict>
		<key>AE3EF9351CC9CE3C00AB0404</key>
		<dict>
			<key>fileRef</key>
			<string>AE3EF9301CC9CE3C00AB0404</string>
			<key>isa</key>
			<string>PBXBuildFile</string>
		</dict>
		<key>AE3EF9361CC9CE3C00AB0404</key>
		<dict>
			<key>fileRef</key>
			<string>AE3EF9311CC9CE3C00AB0404</string>
			<key>isa</key>
			<string>PBXBuildFile</string>
		</dict>
		<key>AE3EF9371CC9CE3C00AB0404</key>
		<dict>
			<key>fileRef</key>
			<string>AE3EF9321CC9CE3C00AB0404</string>
			<key>isa</key>
			<string>PBXBuildFile</string>
		</dict>
		<key>AE3EF9381CC9CE7B00AB0404</key>
		<dict>
			<key>fileEncoding</key>
			<string>4</string>
			<key>isa</key>
			<string>PBXFileReference</string>
			<key>lastKnownFileType</key>
			<string>sourcecode.swift</string>
			<key>path</key>
			<string>NotificationCell.swift</string>
			<key>sourceTree</key>
			<string>&lt;group&gt;</string>
		</dict>
		<key>AE3EF9391CC9CE7B00AB0404</key>
		<dict>
			<key>fileRef</key>
			<string>AE3EF9381CC9CE7B00AB0404</string>
			<key>isa</key>
			<string>PBXBuildFile</string>
		</dict>
		<key>AE3F86BD1CD95C710042D098</key>
		<dict>
			<key>fileEncoding</key>
			<string>4</string>
			<key>isa</key>
			<string>PBXFileReference</string>
			<key>lastKnownFileType</key>
			<string>sourcecode.swift</string>
			<key>path</key>
			<string>FavoritePriest.swift</string>
			<key>sourceTree</key>
			<string>&lt;group&gt;</string>
		</dict>
		<key>AE3F86BE1CD95C710042D098</key>
		<dict>
			<key>fileEncoding</key>
			<string>4</string>
			<key>isa</key>
			<string>PBXFileReference</string>
			<key>lastKnownFileType</key>
			<string>sourcecode.swift</string>
			<key>path</key>
			<string>FavoritePriestCell.swift</string>
			<key>sourceTree</key>
			<string>&lt;group&gt;</string>
		</dict>
		<key>AE3F86BF1CD95C710042D098</key>
		<dict>
			<key>fileEncoding</key>
			<string>4</string>
			<key>isa</key>
			<string>PBXFileReference</string>
			<key>lastKnownFileType</key>
			<string>sourcecode.swift</string>
			<key>path</key>
			<string>FavoritePriestsViewController.swift</string>
			<key>sourceTree</key>
			<string>&lt;group&gt;</string>
		</dict>
		<key>AE3F86C01CD95C710042D098</key>
		<dict>
			<key>fileRef</key>
			<string>AE3F86BD1CD95C710042D098</string>
			<key>isa</key>
			<string>PBXBuildFile</string>
		</dict>
		<key>AE3F86C11CD95C710042D098</key>
		<dict>
			<key>fileRef</key>
			<string>AE3F86BE1CD95C710042D098</string>
			<key>isa</key>
			<string>PBXBuildFile</string>
		</dict>
		<key>AE3F86C21CD95C710042D098</key>
		<dict>
			<key>fileRef</key>
			<string>AE3F86BF1CD95C710042D098</string>
			<key>isa</key>
			<string>PBXBuildFile</string>
		</dict>
		<key>AE53A0151CBF72FE00A31320</key>
		<dict>
			<key>fileEncoding</key>
			<string>4</string>
			<key>isa</key>
			<string>PBXFileReference</string>
			<key>lastKnownFileType</key>
			<string>sourcecode.swift</string>
			<key>path</key>
			<string>ImageKit.swift</string>
			<key>sourceTree</key>
			<string>&lt;group&gt;</string>
		</dict>
		<key>AE53A0161CBF72FE00A31320</key>
		<dict>
			<key>fileRef</key>
			<string>AE53A0151CBF72FE00A31320</string>
			<key>isa</key>
			<string>PBXBuildFile</string>
		</dict>
		<key>AE5EB9241CB1BEE8005FE4AF</key>
		<dict>
			<key>children</key>
			<array>
				<string>AEB265AC1CEA9A8C009A214E</string>
				<string>E6E3370B1C98869200E26843</string>
				<string>AEB265A61CEA8440009A214E</string>
				<string>AEB265A81CEA8488009A214E</string>
			</array>
			<key>isa</key>
			<string>PBXGroup</string>
			<key>name</key>
			<string>Support Files</string>
			<key>sourceTree</key>
			<string>&lt;group&gt;</string>
		</dict>
		<key>AE5EB9251CB1BF19005FE4AF</key>
		<dict>
			<key>children</key>
			<array>
				<string>AEB0F8441D02C39900E3ABC0</string>
				<string>84C4BF4F1C806BDF00D4593D</string>
				<string>AEC272831CD05DBE00A76D63</string>
				<string>AEC272801CD05CCD00A76D63</string>
				<string>AE8BA6361CD7AC84005FA638</string>
				<string>878A13651CD82C8E00A83F5B</string>
				<string>84C4BF541C806BDF00D4593D</string>
				<string>84C4BF521C806BDF00D4593D</string>
				<string>AE2E13901CEE725E006A5C19</string>
				<string>BA0B01C01C857D4500C8F33B</string>
			</array>
			<key>isa</key>
			<string>PBXGroup</string>
			<key>name</key>
			<string>Resources</string>
			<key>sourceTree</key>
			<string>&lt;group&gt;</string>
		</dict>
		<key>AE66208A1CF78590001F0CB8</key>
		<dict>
			<key>fileEncoding</key>
			<string>4</string>
			<key>isa</key>
			<string>PBXFileReference</string>
			<key>lastKnownFileType</key>
			<string>sourcecode.swift</string>
			<key>path</key>
			<string>UserSignUp.swift</string>
			<key>sourceTree</key>
			<string>&lt;group&gt;</string>
		</dict>
		<key>AE66208B1CF78590001F0CB8</key>
		<dict>
			<key>fileRef</key>
			<string>AE66208A1CF78590001F0CB8</string>
			<key>isa</key>
			<string>PBXBuildFile</string>
		</dict>
		<key>AE83C9531D020DFF005DB594</key>
		<dict>
			<key>fileEncoding</key>
			<string>4</string>
			<key>isa</key>
			<string>PBXFileReference</string>
			<key>lastKnownFileType</key>
			<string>sourcecode.swift</string>
			<key>path</key>
			<string>StaticContentViewController.swift</string>
			<key>sourceTree</key>
			<string>&lt;group&gt;</string>
		</dict>
		<key>AE83C9541D020DFF005DB594</key>
		<dict>
			<key>fileRef</key>
			<string>AE83C9531D020DFF005DB594</string>
			<key>isa</key>
			<string>PBXBuildFile</string>
		</dict>
		<key>AE83C9551D020F1F005DB594</key>
		<dict>
			<key>isa</key>
			<string>PBXFileReference</string>
			<key>lastKnownFileType</key>
			<string>wrapper.framework</string>
			<key>name</key>
			<string>WebKit.framework</string>
			<key>path</key>
			<string>System/Library/Frameworks/WebKit.framework</string>
			<key>sourceTree</key>
			<string>SDKROOT</string>
		</dict>
		<key>AE83C9561D020F1F005DB594</key>
		<dict>
			<key>fileRef</key>
			<string>AE83C9551D020F1F005DB594</string>
			<key>isa</key>
			<string>PBXBuildFile</string>
		</dict>
		<key>AE8BA6361CD7AC84005FA638</key>
		<dict>
			<key>children</key>
			<array>
				<string>AE8BA6371CD7AC84005FA638</string>
			</array>
			<key>isa</key>
			<string>PBXVariantGroup</string>
			<key>name</key>
			<string>PriestSpots.storyboard</string>
			<key>sourceTree</key>
			<string>&lt;group&gt;</string>
		</dict>
		<key>AE8BA6371CD7AC84005FA638</key>
		<dict>
			<key>isa</key>
			<string>PBXFileReference</string>
			<key>lastKnownFileType</key>
			<string>file.storyboard</string>
			<key>name</key>
			<string>Base</string>
			<key>path</key>
			<string>Resources/Base.lproj/PriestSpots.storyboard</string>
			<key>sourceTree</key>
			<string>&lt;group&gt;</string>
		</dict>
		<key>AE8BA6381CD7AC84005FA638</key>
		<dict>
			<key>fileRef</key>
			<string>AE8BA6361CD7AC84005FA638</string>
			<key>isa</key>
			<string>PBXBuildFile</string>
		</dict>
		<key>AEA9B1EE1CED64B1008E7FAA</key>
		<dict>
			<key>fileRef</key>
			<string>AEB265A81CEA8488009A214E</string>
			<key>isa</key>
			<string>PBXBuildFile</string>
		</dict>
		<key>AEB0F8441D02C39900E3ABC0</key>
		<dict>
			<key>isa</key>
			<string>PBXFileReference</string>
			<key>lastKnownFileType</key>
			<string>folder</string>
			<key>name</key>
			<string>Static Content</string>
			<key>path</key>
			<string>Resources/Static Content</string>
			<key>sourceTree</key>
			<string>&lt;group&gt;</string>
		</dict>
		<key>AEB0F8451D02C39900E3ABC0</key>
		<dict>
			<key>fileRef</key>
			<string>AEB0F8441D02C39900E3ABC0</string>
			<key>isa</key>
			<string>PBXBuildFile</string>
		</dict>
		<key>AEB0F8461D02D24F00E3ABC0</key>
		<dict>
			<key>fileEncoding</key>
			<string>4</string>
			<key>isa</key>
			<string>PBXFileReference</string>
			<key>lastKnownFileType</key>
			<string>sourcecode.swift</string>
			<key>path</key>
			<string>MeetRequestReplyViewController.swift</string>
			<key>sourceTree</key>
			<string>&lt;group&gt;</string>
		</dict>
		<key>AEB0F8471D02D24F00E3ABC0</key>
		<dict>
			<key>fileRef</key>
			<string>AEB0F8461D02D24F00E3ABC0</string>
			<key>isa</key>
			<string>PBXBuildFile</string>
		</dict>
		<key>AEB265A61CEA8440009A214E</key>
		<dict>
			<key>fileEncoding</key>
			<string>4</string>
			<key>isa</key>
			<string>PBXFileReference</string>
			<key>lastKnownFileType</key>
			<string>text.plist.xml</string>
			<key>name</key>
			<string>GeoConfess-Distribution.plist</string>
			<key>path</key>
			<string>Resources/GeoConfess-Distribution.plist</string>
			<key>sourceTree</key>
			<string>SOURCE_ROOT</string>
		</dict>
		<key>AEB265A81CEA8488009A214E</key>
		<dict>
			<key>fileEncoding</key>
			<string>4</string>
			<key>isa</key>
			<string>PBXFileReference</string>
			<key>lastKnownFileType</key>
			<string>text.plist.xml</string>
			<key>name</key>
			<string>GeoConfess-Test.plist</string>
			<key>path</key>
			<string>Resources/GeoConfess-Test.plist</string>
			<key>sourceTree</key>
			<string>SOURCE_ROOT</string>
		</dict>
		<key>AEB265AA1CEA862B009A214E</key>
		<dict>
			<key>fileRef</key>
			<string>AEB265A61CEA8440009A214E</string>
			<key>isa</key>
			<string>PBXBuildFile</string>
		</dict>
		<key>AEB265AC1CEA9A8C009A214E</key>
		<dict>
			<key>fileEncoding</key>
			<string>4</string>
			<key>isa</key>
			<string>PBXFileReference</string>
			<key>lastKnownFileType</key>
			<string>text.plist.xml</string>
			<key>name</key>
			<string>Info.plist</string>
			<key>path</key>
			<string>Resources/Info.plist</string>
			<key>sourceTree</key>
			<string>SOURCE_ROOT</string>
		</dict>
		<key>AEB5AD141CB74925006E7A7D</key>
		<dict>
			<key>fileEncoding</key>
			<string>4</string>
			<key>isa</key>
			<string>PBXFileReference</string>
			<key>lastKnownFileType</key>
			<string>sourcecode.swift</string>
			<key>path</key>
			<string>MenuViewController.swift</string>
			<key>sourceTree</key>
			<string>&lt;group&gt;</string>
		</dict>
		<key>AEB5AD161CB74925006E7A7D</key>
		<dict>
			<key>fileRef</key>
			<string>AEB5AD141CB74925006E7A7D</string>
			<key>isa</key>
			<string>PBXBuildFile</string>
		</dict>
		<key>AEB9D0071CB5D4F60036A8CD</key>
		<dict>
			<key>children</key>
			<array>
				<string>84C4BF5D1C806C4900D4593D</string>
				<string>BA6A60801C859F4F00DB62D6</string>
				<string>BA6A60821C859FBD00DB62D6</string>
				<string>BA2E67231C85CD6F001850C7</string>
				<string>E6DE06BB1C88D01200A560E3</string>
				<string>E652DB8A1C89277B009E5934</string>
				<string>E63DB6281C89F64800E6D8BA</string>
				<string>E63DB62A1C89F66100E6D8BA</string>
				<string>FA4F3E671C9C061A00566F3C</string>
			</array>
			<key>isa</key>
			<string>PBXGroup</string>
			<key>name</key>
			<string>Login &amp; Sign Up</string>
			<key>sourceTree</key>
			<string>&lt;group&gt;</string>
		</dict>
		<key>AEB9D00A1CB5FB240036A8CD</key>
		<dict>
			<key>fileEncoding</key>
			<string>4</string>
			<key>isa</key>
			<string>PBXFileReference</string>
			<key>lastKnownFileType</key>
			<string>sourcecode.swift</string>
			<key>path</key>
			<string>NotesViewController.swift</string>
			<key>sourceTree</key>
			<string>&lt;group&gt;</string>
		</dict>
		<key>AEB9D00B1CB5FB240036A8CD</key>
		<dict>
			<key>fileRef</key>
			<string>AEB9D00A1CB5FB240036A8CD</string>
			<key>isa</key>
			<string>PBXBuildFile</string>
		</dict>
		<key>AEBF37781CFD457800DCD710</key>
		<dict>
			<key>fileEncoding</key>
			<string>4</string>
			<key>isa</key>
			<string>PBXFileReference</string>
			<key>lastKnownFileType</key>
			<string>sourcecode.swift</string>
			<key>path</key>
			<string>NotificationManager.swift</string>
			<key>sourceTree</key>
			<string>&lt;group&gt;</string>
		</dict>
		<key>AEBF37791CFD457800DCD710</key>
		<dict>
			<key>fileRef</key>
			<string>AEBF37781CFD457800DCD710</string>
			<key>isa</key>
			<string>PBXBuildFile</string>
		</dict>
		<key>AEC0B7BF1CB4A7150037A12E</key>
		<dict>
			<key>children</key>
			<array>
				<string>AED83A2B1CFB1A6B00A68DA4</string>
				<string>AEFFE8431CF7353600689011</string>
				<string>E6E337221C98F8C400E26843</string>
				<string>5748A23A1C9AD0B900959766</string>
				<string>5748A23B1C9AD0B900959766</string>
				<string>AE0F00481CCA8BF2005B3E1F</string>
				<string>AE0F00491CCA8BF2005B3E1F</string>
				<string>AE3EF9381CC9CE7B00AB0404</string>
				<string>AEC0B7C01CB4A8820037A12E</string>
				<string>AE3F86BE1CD95C710042D098</string>
				<string>AE53A0151CBF72FE00A31320</string>
				<string>877D60231CD2203800790779</string>
			</array>
			<key>isa</key>
			<string>PBXGroup</string>
			<key>name</key>
			<string>Views</string>
			<key>sourceTree</key>
			<string>&lt;group&gt;</string>
		</dict>
		<key>AEC0B7C01CB4A8820037A12E</key>
		<dict>
			<key>fileEncoding</key>
			<string>4</string>
			<key>isa</key>
			<string>PBXFileReference</string>
			<key>lastKnownFileType</key>
			<string>sourcecode.swift</string>
			<key>path</key>
			<string>MenuItemCell.swift</string>
			<key>sourceTree</key>
			<string>&lt;group&gt;</string>
		</dict>
		<key>AEC0B7C11CB4A8820037A12E</key>
		<dict>
			<key>fileRef</key>
			<string>AEC0B7C01CB4A8820037A12E</string>
			<key>isa</key>
			<string>PBXBuildFile</string>
		</dict>
		<key>AEC272801CD05CCD00A76D63</key>
		<dict>
			<key>children</key>
			<array>
				<string>AEC272811CD05CCD00A76D63</string>
			</array>
			<key>isa</key>
			<string>PBXVariantGroup</string>
			<key>name</key>
			<string>Menu.storyboard</string>
			<key>sourceTree</key>
			<string>&lt;group&gt;</string>
		</dict>
		<key>AEC272811CD05CCD00A76D63</key>
		<dict>
			<key>isa</key>
			<string>PBXFileReference</string>
			<key>lastKnownFileType</key>
			<string>file.storyboard</string>
			<key>name</key>
			<string>Base</string>
			<key>path</key>
			<string>Resources/Base.lproj/Menu.storyboard</string>
			<key>sourceTree</key>
			<string>&lt;group&gt;</string>
		</dict>
		<key>AEC272821CD05CCD00A76D63</key>
		<dict>
			<key>fileRef</key>
			<string>AEC272801CD05CCD00A76D63</string>
			<key>isa</key>
			<string>PBXBuildFile</string>
		</dict>
		<key>AEC272831CD05DBE00A76D63</key>
		<dict>
			<key>children</key>
			<array>
				<string>AEC272841CD05DBE00A76D63</string>
			</array>
			<key>isa</key>
			<string>PBXVariantGroup</string>
			<key>name</key>
			<string>SignUp.storyboard</string>
			<key>sourceTree</key>
			<string>&lt;group&gt;</string>
		</dict>
		<key>AEC272841CD05DBE00A76D63</key>
		<dict>
			<key>isa</key>
			<string>PBXFileReference</string>
			<key>lastKnownFileType</key>
			<string>file.storyboard</string>
			<key>name</key>
			<string>Base</string>
			<key>path</key>
			<string>Resources/Base.lproj/SignUp.storyboard</string>
			<key>sourceTree</key>
			<string>&lt;group&gt;</string>
		</dict>
		<key>AEC272851CD05DBE00A76D63</key>
		<dict>
			<key>fileRef</key>
			<string>AEC272831CD05DBE00A76D63</string>
			<key>isa</key>
			<string>PBXBuildFile</string>
		</dict>
		<key>AED83A2B1CFB1A6B00A68DA4</key>
		<dict>
			<key>fileEncoding</key>
			<string>4</string>
			<key>isa</key>
			<string>PBXFileReference</string>
			<key>lastKnownFileType</key>
			<string>sourcecode.swift</string>
			<key>path</key>
			<string>AppTextField.swift</string>
			<key>sourceTree</key>
			<string>&lt;group&gt;</string>
		</dict>
		<key>AED83A2C1CFB1A6B00A68DA4</key>
		<dict>
			<key>fileRef</key>
			<string>AED83A2B1CFB1A6B00A68DA4</string>
			<key>isa</key>
			<string>PBXBuildFile</string>
		</dict>
		<key>AED83BF01CB561DB00DB1299</key>
		<dict>
			<key>children</key>
			<array>
				<string>AEDDDDF11CCF315B009F361B</string>
				<string>AED83BF11CB5621500DB1299</string>
				<string>AE0F00441CCA88FE005B3E1F</string>
				<string>AE0F00421CCA88FE005B3E1F</string>
				<string>AE0F00431CCA88FE005B3E1F</string>
			</array>
			<key>isa</key>
			<string>PBXGroup</string>
			<key>name</key>
			<string>Priest Spots</string>
			<key>sourceTree</key>
			<string>&lt;group&gt;</string>
		</dict>
		<key>AED83BF11CB5621500DB1299</key>
		<dict>
			<key>fileEncoding</key>
			<string>4</string>
			<key>isa</key>
			<string>PBXFileReference</string>
			<key>lastKnownFileType</key>
			<string>sourcecode.swift</string>
			<key>path</key>
			<string>SpotsTableViewController.swift</string>
			<key>sourceTree</key>
			<string>&lt;group&gt;</string>
		</dict>
		<key>AED83BF31CB5621500DB1299</key>
		<dict>
			<key>fileRef</key>
			<string>AED83BF11CB5621500DB1299</string>
			<key>isa</key>
			<string>PBXBuildFile</string>
		</dict>
		<key>AED83BF61CB5628B00DB1299</key>
		<dict>
			<key>fileEncoding</key>
			<string>4</string>
			<key>isa</key>
			<string>PBXFileReference</string>
			<key>lastKnownFileType</key>
			<string>sourcecode.swift</string>
			<key>path</key>
			<string>Networking.swift</string>
			<key>sourceTree</key>
			<string>&lt;group&gt;</string>
		</dict>
		<key>AED83BF71CB5628B00DB1299</key>
		<dict>
			<key>fileRef</key>
			<string>AED83BF61CB5628B00DB1299</string>
			<key>isa</key>
			<string>PBXBuildFile</string>
		</dict>
		<key>AED83BFD1CB5633C00DB1299</key>
		<dict>
			<key>fileEncoding</key>
			<string>4</string>
			<key>isa</key>
			<string>PBXFileReference</string>
			<key>lastKnownFileType</key>
			<string>sourcecode.swift</string>
			<key>path</key>
			<string>Utility.swift</string>
			<key>sourceTree</key>
			<string>&lt;group&gt;</string>
		</dict>
		<key>AED83BFE1CB5633C00DB1299</key>
		<dict>
			<key>fileRef</key>
			<string>AED83BFD1CB5633C00DB1299</string>
			<key>isa</key>
			<string>PBXBuildFile</string>
		</dict>
		<key>AED83BFF1CB563D200DB1299</key>
		<dict>
			<key>fileEncoding</key>
			<string>4</string>
			<key>isa</key>
			<string>PBXFileReference</string>
			<key>lastKnownFileType</key>
			<string>sourcecode.swift</string>
			<key>path</key>
			<string>Constants.swift</string>
			<key>sourceTree</key>
			<string>&lt;group&gt;</string>
		</dict>
		<key>AED83C001CB563D200DB1299</key>
		<dict>
			<key>fileRef</key>
			<string>AED83BFF1CB563D200DB1299</string>
			<key>isa</key>
			<string>PBXBuildFile</string>
		</dict>
		<key>AEDC7FC01CADB81A0080A97A</key>
		<dict>
			<key>fileEncoding</key>
			<string>4</string>
			<key>isa</key>
			<string>PBXFileReference</string>
			<key>lastKnownFileType</key>
			<string>sourcecode.swift</string>
			<key>path</key>
			<string>Utilities.swift</string>
			<key>sourceTree</key>
			<string>&lt;group&gt;</string>
		</dict>
		<key>AEDC7FC11CADB81A0080A97A</key>
		<dict>
			<key>fileRef</key>
			<string>AEDC7FC01CADB81A0080A97A</string>
			<key>isa</key>
			<string>PBXBuildFile</string>
		</dict>
		<key>AEDC910A1CD3B4DB008D3187</key>
		<dict>
			<key>isa</key>
			<string>PBXFileReference</string>
			<key>lastKnownFileType</key>
			<string>file</string>
			<key>name</key>
			<string>Calibri Bold.ttf</string>
			<key>path</key>
			<string>Resources/Fonts/Calibri Bold.ttf</string>
			<key>sourceTree</key>
			<string>SOURCE_ROOT</string>
		</dict>
		<key>AEDC910B1CD3B4DB008D3187</key>
		<dict>
			<key>isa</key>
			<string>PBXFileReference</string>
			<key>lastKnownFileType</key>
			<string>file</string>
			<key>name</key>
			<string>Calibri Light.ttf</string>
			<key>path</key>
			<string>Resources/Fonts/Calibri Light.ttf</string>
			<key>sourceTree</key>
			<string>SOURCE_ROOT</string>
		</dict>
		<key>AEDC910C1CD3B4DB008D3187</key>
		<dict>
			<key>isa</key>
			<string>PBXFileReference</string>
			<key>lastKnownFileType</key>
			<string>file</string>
			<key>name</key>
			<string>Calibri.ttf</string>
			<key>path</key>
			<string>Resources/Fonts/Calibri.ttf</string>
			<key>sourceTree</key>
			<string>SOURCE_ROOT</string>
		</dict>
		<key>AEDC910D1CD3B4DB008D3187</key>
		<dict>
			<key>fileRef</key>
			<string>AEDC910A1CD3B4DB008D3187</string>
			<key>isa</key>
			<string>PBXBuildFile</string>
		</dict>
		<key>AEDC910E1CD3B4DB008D3187</key>
		<dict>
			<key>fileRef</key>
			<string>AEDC910B1CD3B4DB008D3187</string>
			<key>isa</key>
			<string>PBXBuildFile</string>
		</dict>
		<key>AEDC910F1CD3B4DB008D3187</key>
		<dict>
			<key>fileRef</key>
			<string>AEDC910C1CD3B4DB008D3187</string>
			<key>isa</key>
			<string>PBXBuildFile</string>
		</dict>
		<key>AEDDDDF11CCF315B009F361B</key>
		<dict>
			<key>fileEncoding</key>
			<string>4</string>
			<key>isa</key>
			<string>PBXFileReference</string>
			<key>lastKnownFileType</key>
			<string>sourcecode.swift</string>
			<key>path</key>
			<string>PriestSpotsViewController.swift</string>
			<key>sourceTree</key>
			<string>&lt;group&gt;</string>
		</dict>
		<key>AEDDDDF21CCF315B009F361B</key>
		<dict>
			<key>fileRef</key>
			<string>AEDDDDF11CCF315B009F361B</string>
			<key>isa</key>
			<string>PBXBuildFile</string>
		</dict>
		<key>AEDE47F01CC3565F00710F20</key>
		<dict>
			<key>fileEncoding</key>
			<string>4</string>
			<key>isa</key>
			<string>PBXFileReference</string>
			<key>lastKnownFileType</key>
			<string>sourcecode.swift</string>
			<key>path</key>
			<string>AppViewController.swift</string>
			<key>sourceTree</key>
			<string>&lt;group&gt;</string>
		</dict>
		<key>AEDE47F11CC3565F00710F20</key>
		<dict>
			<key>fileRef</key>
			<string>AEDE47F01CC3565F00710F20</string>
			<key>isa</key>
			<string>PBXBuildFile</string>
		</dict>
		<key>AEE522B81D03D76F005C0978</key>
		<dict>
			<key>fileEncoding</key>
			<string>4</string>
			<key>isa</key>
			<string>PBXFileReference</string>
			<key>lastKnownFileType</key>
			<string>sourcecode.swift</string>
			<key>path</key>
			<string>ChatViewController.swift</string>
			<key>sourceTree</key>
			<string>&lt;group&gt;</string>
		</dict>
		<key>AEE522B91D03D76F005C0978</key>
		<dict>
			<key>fileEncoding</key>
			<string>4</string>
			<key>isa</key>
			<string>PBXFileReference</string>
			<key>lastKnownFileType</key>
			<string>sourcecode.swift</string>
			<key>path</key>
			<string>ChatWrapperViewController.swift</string>
			<key>sourceTree</key>
			<string>&lt;group&gt;</string>
		</dict>
		<key>AEE522BA1D03D76F005C0978</key>
		<dict>
			<key>fileRef</key>
			<string>AEE522B81D03D76F005C0978</string>
			<key>isa</key>
			<string>PBXBuildFile</string>
		</dict>
		<key>AEE522BB1D03D76F005C0978</key>
		<dict>
			<key>fileRef</key>
			<string>AEE522B91D03D76F005C0978</string>
			<key>isa</key>
			<string>PBXBuildFile</string>
		</dict>
		<key>AEFFE8431CF7353600689011</key>
		<dict>
			<key>fileEncoding</key>
			<string>4</string>
			<key>isa</key>
			<string>PBXFileReference</string>
			<key>lastKnownFileType</key>
			<string>sourcecode.swift</string>
			<key>path</key>
			<string>Tick.swift</string>
			<key>sourceTree</key>
			<string>&lt;group&gt;</string>
		</dict>
		<key>AEFFE8441CF7353600689011</key>
		<dict>
			<key>fileRef</key>
			<string>AEFFE8431CF7353600689011</string>
			<key>isa</key>
			<string>PBXBuildFile</string>
		</dict>
		<key>B1B12C35DF1FCF3154693341</key>
		<dict>
			<key>buildActionMask</key>
			<string>2147483647</string>
			<key>files</key>
			<array/>
			<key>inputPaths</key>
			<array/>
			<key>isa</key>
			<string>PBXShellScriptBuildPhase</string>
			<key>name</key>
			<string>&#128230; Embed Pods Frameworks</string>
			<key>outputPaths</key>
			<array/>
			<key>runOnlyForDeploymentPostprocessing</key>
			<string>0</string>
			<key>shellPath</key>
			<string>/bin/sh</string>
			<key>shellScript</key>
			<string>"${SRCROOT}/Pods/Target Support Files/Pods-GeoConfess/Pods-GeoConfess-frameworks.sh"
</string>
			<key>showEnvVarsInLog</key>
			<string>0</string>
		</dict>
		<key>BA0B01C01C857D4500C8F33B</key>
		<dict>
			<key>children</key>
			<array>
				<string>AE22F3471CD3BC690086CACE</string>
				<string>AE22F3481CD3BC690086CACE</string>
				<string>AE22F3491CD3BC690086CACE</string>
				<string>AE22F34A1CD3BC690086CACE</string>
				<string>AE22F34B1CD3BC690086CACE</string>
				<string>AEDC910A1CD3B4DB008D3187</string>
				<string>AEDC910B1CD3B4DB008D3187</string>
				<string>AEDC910C1CD3B4DB008D3187</string>
			</array>
			<key>isa</key>
			<string>PBXGroup</string>
			<key>name</key>
			<string>Custom Fonts</string>
			<key>path</key>
			<string>Sources/2-FONT</string>
			<key>sourceTree</key>
			<string>&lt;group&gt;</string>
		</dict>
		<key>BA0D34A91C8616EC0038B283</key>
		<dict>
			<key>fileEncoding</key>
			<string>4</string>
			<key>isa</key>
			<string>PBXFileReference</string>
			<key>lastKnownFileType</key>
			<string>sourcecode.swift</string>
			<key>path</key>
			<string>APICalls.swift</string>
			<key>sourceTree</key>
			<string>&lt;group&gt;</string>
		</dict>
		<key>BA0D34AA1C8616EC0038B283</key>
		<dict>
			<key>fileRef</key>
			<string>BA0D34A91C8616EC0038B283</string>
			<key>isa</key>
			<string>PBXBuildFile</string>
		</dict>
		<key>BA0D34AB1C86196E0038B283</key>
		<dict>
			<key>children</key>
			<array>
				<string>BA0D34AC1C86196E0038B283</string>
				<string>BA0D34AD1C86196E0038B283</string>
				<string>BA0D34AE1C86196E0038B283</string>
				<string>BA0D34AF1C86196E0038B283</string>
				<string>BA0D34B01C86196E0038B283</string>
				<string>BA0D34B11C86196E0038B283</string>
			</array>
			<key>isa</key>
			<string>PBXGroup</string>
			<key>path</key>
			<string>JLToast</string>
			<key>sourceTree</key>
			<string>&lt;group&gt;</string>
		</dict>
		<key>BA0D34AC1C86196E0038B283</key>
		<dict>
			<key>fileEncoding</key>
			<string>4</string>
			<key>isa</key>
			<string>PBXFileReference</string>
			<key>lastKnownFileType</key>
			<string>text.plist.xml</string>
			<key>path</key>
			<string>Info.plist</string>
			<key>sourceTree</key>
			<string>&lt;group&gt;</string>
		</dict>
		<key>BA0D34AD1C86196E0038B283</key>
		<dict>
			<key>fileEncoding</key>
			<string>4</string>
			<key>isa</key>
			<string>PBXFileReference</string>
			<key>lastKnownFileType</key>
			<string>sourcecode.c.h</string>
			<key>path</key>
			<string>JLToast.h</string>
			<key>sourceTree</key>
			<string>&lt;group&gt;</string>
		</dict>
		<key>BA0D34AE1C86196E0038B283</key>
		<dict>
			<key>fileEncoding</key>
			<string>4</string>
			<key>isa</key>
			<string>PBXFileReference</string>
			<key>lastKnownFileType</key>
			<string>sourcecode.swift</string>
			<key>path</key>
			<string>JLToast.swift</string>
			<key>sourceTree</key>
			<string>&lt;group&gt;</string>
		</dict>
		<key>BA0D34AF1C86196E0038B283</key>
		<dict>
			<key>fileEncoding</key>
			<string>4</string>
			<key>isa</key>
			<string>PBXFileReference</string>
			<key>lastKnownFileType</key>
			<string>sourcecode.swift</string>
			<key>path</key>
			<string>JLToastCenter.swift</string>
			<key>sourceTree</key>
			<string>&lt;group&gt;</string>
		</dict>
		<key>BA0D34B01C86196E0038B283</key>
		<dict>
			<key>fileEncoding</key>
			<string>4</string>
			<key>isa</key>
			<string>PBXFileReference</string>
			<key>lastKnownFileType</key>
			<string>sourcecode.swift</string>
			<key>path</key>
			<string>JLToastView.swift</string>
			<key>sourceTree</key>
			<string>&lt;group&gt;</string>
		</dict>
		<key>BA0D34B11C86196E0038B283</key>
		<dict>
			<key>fileEncoding</key>
			<string>4</string>
			<key>isa</key>
			<string>PBXFileReference</string>
			<key>lastKnownFileType</key>
			<string>sourcecode.swift</string>
			<key>path</key>
			<string>JLToastWindow.swift</string>
			<key>sourceTree</key>
			<string>&lt;group&gt;</string>
		</dict>
		<key>BA0D34B21C86196E0038B283</key>
		<dict>
			<key>fileRef</key>
			<string>BA0D34AC1C86196E0038B283</string>
			<key>isa</key>
			<string>PBXBuildFile</string>
		</dict>
		<key>BA0D34B31C86196E0038B283</key>
		<dict>
			<key>fileRef</key>
			<string>BA0D34AE1C86196E0038B283</string>
			<key>isa</key>
			<string>PBXBuildFile</string>
		</dict>
		<key>BA0D34B41C86196E0038B283</key>
		<dict>
			<key>fileRef</key>
			<string>BA0D34AF1C86196E0038B283</string>
			<key>isa</key>
			<string>PBXBuildFile</string>
		</dict>
		<key>BA0D34B51C86196E0038B283</key>
		<dict>
			<key>fileRef</key>
			<string>BA0D34B01C86196E0038B283</string>
			<key>isa</key>
			<string>PBXBuildFile</string>
		</dict>
		<key>BA0D34B61C86196E0038B283</key>
		<dict>
			<key>fileRef</key>
			<string>BA0D34B11C86196E0038B283</string>
			<key>isa</key>
			<string>PBXBuildFile</string>
		</dict>
		<key>BA0D34B71C8624610038B283</key>
		<dict>
			<key>fileEncoding</key>
			<string>4</string>
			<key>isa</key>
			<string>PBXFileReference</string>
			<key>lastKnownFileType</key>
			<string>sourcecode.swift</string>
			<key>path</key>
			<string>HomePageViewController.swift</string>
			<key>sourceTree</key>
			<string>&lt;group&gt;</string>
		</dict>
		<key>BA0D34B81C8624610038B283</key>
		<dict>
			<key>fileRef</key>
			<string>BA0D34B71C8624610038B283</string>
			<key>isa</key>
			<string>PBXBuildFile</string>
		</dict>
		<key>BA0D34B91C86256F0038B283</key>
		<dict>
			<key>fileEncoding</key>
			<string>4</string>
			<key>isa</key>
			<string>PBXFileReference</string>
			<key>lastKnownFileType</key>
			<string>sourcecode.swift</string>
			<key>path</key>
			<string>App.swift</string>
			<key>sourceTree</key>
			<string>&lt;group&gt;</string>
		</dict>
		<key>BA0D34BA1C86256F0038B283</key>
		<dict>
			<key>fileRef</key>
			<string>BA0D34B91C86256F0038B283</string>
			<key>isa</key>
			<string>PBXBuildFile</string>
		</dict>
		<key>BA0D34BB1C8625AA0038B283</key>
		<dict>
			<key>fileEncoding</key>
			<string>4</string>
			<key>isa</key>
			<string>PBXFileReference</string>
			<key>lastKnownFileType</key>
			<string>sourcecode.swift</string>
			<key>path</key>
			<string>User.swift</string>
			<key>sourceTree</key>
			<string>&lt;group&gt;</string>
		</dict>
		<key>BA0D34BC1C8625AA0038B283</key>
		<dict>
			<key>fileRef</key>
			<string>BA0D34BB1C8625AA0038B283</string>
			<key>isa</key>
			<string>PBXBuildFile</string>
		</dict>
		<key>BA2E67211C85C98A001850C7</key>
		<dict>
			<key>fileEncoding</key>
			<string>4</string>
			<key>isa</key>
			<string>PBXFileReference</string>
			<key>lastKnownFileType</key>
			<string>sourcecode.swift</string>
			<key>path</key>
			<string>MainPageViewController.swift</string>
			<key>sourceTree</key>
			<string>&lt;group&gt;</string>
		</dict>
		<key>BA2E67221C85C98A001850C7</key>
		<dict>
			<key>fileRef</key>
			<string>BA2E67211C85C98A001850C7</string>
			<key>isa</key>
			<string>PBXBuildFile</string>
		</dict>
		<key>BA2E67231C85CD6F001850C7</key>
		<dict>
			<key>fileEncoding</key>
			<string>4</string>
			<key>isa</key>
			<string>PBXFileReference</string>
			<key>lastKnownFileType</key>
			<string>sourcecode.swift</string>
			<key>path</key>
			<string>SignupViewController.swift</string>
			<key>sourceTree</key>
			<string>&lt;group&gt;</string>
		</dict>
		<key>BA2E67241C85CD6F001850C7</key>
		<dict>
			<key>fileRef</key>
			<string>BA2E67231C85CD6F001850C7</string>
			<key>isa</key>
			<string>PBXBuildFile</string>
		</dict>
		<key>BA6A607B1C85981800DB62D6</key>
		<dict>
			<key>children</key>
			<array>
				<string>AE3EF92D1CC9CE1D00AB0404</string>
				<string>AEB9D0071CB5D4F60036A8CD</string>
				<string>AED83BF01CB561DB00DB1299</string>
				<string>AEDE47F01CC3565F00710F20</string>
				<string>AEB5AD141CB74925006E7A7D</string>
				<string>BA0D34B71C8624610038B283</string>
				<string>BA2E67211C85C98A001850C7</string>
				<string>5748A2361C9ACFF400959766</string>
				<string>AEB9D00A1CB5FB240036A8CD</string>
				<string>AE3F86BF1CD95C710042D098</string>
				<string>5748A2421C9B2CDC00959766</string>
				<string>5760F2721C9C0E7900B0CB6F</string>
				<string>4DF925581CFE296B0004705C</string>
				<string>AE83C9531D020DFF005DB594</string>
			</array>
			<key>isa</key>
			<string>PBXGroup</string>
			<key>name</key>
			<string>View Controllers</string>
			<key>sourceTree</key>
			<string>&lt;group&gt;</string>
		</dict>
		<key>BA6A60801C859F4F00DB62D6</key>
		<dict>
			<key>fileEncoding</key>
			<string>4</string>
			<key>isa</key>
			<string>PBXFileReference</string>
			<key>lastKnownFileType</key>
			<string>sourcecode.swift</string>
			<key>path</key>
			<string>LoginViewController.swift</string>
			<key>sourceTree</key>
			<string>&lt;group&gt;</string>
		</dict>
		<key>BA6A60811C859F4F00DB62D6</key>
		<dict>
			<key>fileRef</key>
			<string>BA6A60801C859F4F00DB62D6</string>
			<key>isa</key>
			<string>PBXBuildFile</string>
		</dict>
		<key>BA6A60821C859FBD00DB62D6</key>
		<dict>
			<key>fileEncoding</key>
			<string>4</string>
			<key>isa</key>
			<string>PBXFileReference</string>
			<key>lastKnownFileType</key>
			<string>sourcecode.swift</string>
			<key>path</key>
			<string>ChoiceViewController.swift</string>
			<key>sourceTree</key>
			<string>&lt;group&gt;</string>
		</dict>
		<key>BA6A60831C859FBD00DB62D6</key>
		<dict>
			<key>fileRef</key>
			<string>BA6A60821C859FBD00DB62D6</string>
			<key>isa</key>
			<string>PBXBuildFile</string>
		</dict>
		<key>C32CE42EC5964B49A7079D99</key>
		<dict>
			<key>children</key>
			<array>
				<string>AE83C9551D020F1F005DB594</string>
				<string>45B960A21CD0171600F2CC3D</string>
				<string>AE292E2E1CBC5C850037B7E8</string>
				<string>5748A2401C9AE55F00959766</string>
				<string>33FB37751AD026E21F27C645</string>
			</array>
			<key>isa</key>
			<string>PBXGroup</string>
			<key>name</key>
			<string>Frameworks</string>
			<key>sourceTree</key>
			<string>&lt;group&gt;</string>
		</dict>
		<key>CB939DE9BCB1E04A420BA774</key>
		<dict>
			<key>buildActionMask</key>
			<string>2147483647</string>
			<key>files</key>
			<array/>
			<key>inputPaths</key>
			<array/>
			<key>isa</key>
			<string>PBXShellScriptBuildPhase</string>
			<key>name</key>
			<string>&#128230; Copy Pods Resources</string>
			<key>outputPaths</key>
			<array/>
			<key>runOnlyForDeploymentPostprocessing</key>
			<string>0</string>
			<key>shellPath</key>
			<string>/bin/sh</string>
			<key>shellScript</key>
			<string>"${SRCROOT}/Pods/Target Support Files/Pods-GeoConfess/Pods-GeoConfess-resources.sh"
</string>
			<key>showEnvVarsInLog</key>
			<string>0</string>
		</dict>
		<key>DD46E3105510E9859AECED41</key>
		<dict>
			<key>children</key>
			<array>
				<string>E5353B2D3B56D0F09E5ED756</string>
				<string>A94F99C4598372E530E24948</string>
			</array>
			<key>isa</key>
			<string>PBXGroup</string>
			<key>name</key>
			<string>Pods</string>
			<key>sourceTree</key>
			<string>&lt;group&gt;</string>
		</dict>
		<key>E5353B2D3B56D0F09E5ED756</key>
		<dict>
			<key>includeInIndex</key>
			<string>1</string>
			<key>isa</key>
			<string>PBXFileReference</string>
			<key>lastKnownFileType</key>
			<string>text.xcconfig</string>
			<key>name</key>
			<string>Pods-GeoConfess.debug.xcconfig</string>
			<key>path</key>
			<string>Pods/Target Support Files/Pods-GeoConfess/Pods-GeoConfess.debug.xcconfig</string>
			<key>sourceTree</key>
			<string>&lt;group&gt;</string>
		</dict>
		<key>E63DB6281C89F64800E6D8BA</key>
		<dict>
			<key>fileEncoding</key>
			<string>4</string>
			<key>isa</key>
			<string>PBXFileReference</string>
			<key>lastKnownFileType</key>
			<string>sourcecode.swift</string>
			<key>name</key>
			<string>PriestSignUpViewController.swift</string>
			<key>path</key>
			<string>Sources/PriestSignUpViewController.swift</string>
			<key>sourceTree</key>
			<string>SOURCE_ROOT</string>
		</dict>
		<key>E63DB6291C89F64800E6D8BA</key>
		<dict>
			<key>fileRef</key>
			<string>E63DB6281C89F64800E6D8BA</string>
			<key>isa</key>
			<string>PBXBuildFile</string>
		</dict>
		<key>E63DB62A1C89F66100E6D8BA</key>
		<dict>
			<key>fileEncoding</key>
			<string>4</string>
			<key>isa</key>
			<string>PBXFileReference</string>
			<key>lastKnownFileType</key>
			<string>sourcecode.swift</string>
			<key>name</key>
			<string>PriestPasswordViewController.swift</string>
			<key>path</key>
			<string>Sources/PriestPasswordViewController.swift</string>
			<key>sourceTree</key>
			<string>SOURCE_ROOT</string>
		</dict>
		<key>E63DB62B1C89F66100E6D8BA</key>
		<dict>
			<key>fileRef</key>
			<string>E63DB62A1C89F66100E6D8BA</string>
			<key>isa</key>
			<string>PBXBuildFile</string>
		</dict>
		<key>E652DB8A1C89277B009E5934</key>
		<dict>
			<key>fileEncoding</key>
			<string>4</string>
			<key>isa</key>
			<string>PBXFileReference</string>
			<key>lastKnownFileType</key>
			<string>sourcecode.swift</string>
			<key>name</key>
			<string>UserPasswordViewController.swift</string>
			<key>path</key>
			<string>Sources/UserPasswordViewController.swift</string>
			<key>sourceTree</key>
			<string>SOURCE_ROOT</string>
		</dict>
		<key>E652DB8B1C89277B009E5934</key>
		<dict>
			<key>fileRef</key>
			<string>E652DB8A1C89277B009E5934</string>
			<key>isa</key>
			<string>PBXBuildFile</string>
		</dict>
		<key>E6DE06BB1C88D01200A560E3</key>
		<dict>
			<key>fileEncoding</key>
			<string>4</string>
			<key>isa</key>
			<string>PBXFileReference</string>
			<key>lastKnownFileType</key>
			<string>sourcecode.swift</string>
			<key>name</key>
			<string>UserSignUpViewController.swift</string>
			<key>path</key>
			<string>Sources/UserSignUpViewController.swift</string>
			<key>sourceTree</key>
			<string>SOURCE_ROOT</string>
		</dict>
		<key>E6DE06BC1C88D01200A560E3</key>
		<dict>
			<key>fileRef</key>
			<string>E6DE06BB1C88D01200A560E3</string>
			<key>isa</key>
			<string>PBXBuildFile</string>
		</dict>
		<key>E6E3370B1C98869200E26843</key>
		<dict>
			<key>isa</key>
			<string>PBXFileReference</string>
			<key>lastKnownFileType</key>
			<string>sourcecode.c.h</string>
			<key>path</key>
			<string>GeoConfess-Bridging-Header.h</string>
			<key>sourceTree</key>
			<string>&lt;group&gt;</string>
		</dict>
		<key>E6E337221C98F8C400E26843</key>
		<dict>
			<key>fileEncoding</key>
			<string>4</string>
			<key>isa</key>
			<string>PBXFileReference</string>
			<key>lastKnownFileType</key>
			<string>sourcecode.swift</string>
			<key>name</key>
			<string>AccountTableViewCell.swift</string>
			<key>path</key>
			<string>Sources/AccountTableViewCell.swift</string>
			<key>sourceTree</key>
			<string>SOURCE_ROOT</string>
		</dict>
		<key>E6E337231C98F8C400E26843</key>
		<dict>
			<key>fileRef</key>
			<string>E6E337221C98F8C400E26843</string>
			<key>isa</key>
			<string>PBXBuildFile</string>
		</dict>
		<key>E6E337281C997AE400E26843</key>
		<dict>
			<key>children</key>
			<array>
				<string>E6E337291C997AF100E26843</string>
				<string>E6E3372A1C997AF100E26843</string>
			</array>
			<key>isa</key>
			<string>PBXGroup</string>
			<key>name</key>
			<string>MBProgressHUD</string>
			<key>sourceTree</key>
			<string>&lt;group&gt;</string>
		</dict>
		<key>E6E337291C997AF100E26843</key>
		<dict>
			<key>fileEncoding</key>
			<string>4</string>
			<key>isa</key>
			<string>PBXFileReference</string>
			<key>lastKnownFileType</key>
			<string>sourcecode.c.h</string>
			<key>path</key>
			<string>MBProgressHUD.h</string>
			<key>sourceTree</key>
			<string>&lt;group&gt;</string>
		</dict>
		<key>E6E3372A1C997AF100E26843</key>
		<dict>
			<key>fileEncoding</key>
			<string>4</string>
			<key>isa</key>
			<string>PBXFileReference</string>
			<key>lastKnownFileType</key>
			<string>sourcecode.c.objc</string>
			<key>path</key>
			<string>MBProgressHUD.m</string>
			<key>sourceTree</key>
			<string>&lt;group&gt;</string>
		</dict>
		<key>E6E3372B1C997AF100E26843</key>
		<dict>
			<key>fileRef</key>
			<string>E6E3372A1C997AF100E26843</string>
			<key>isa</key>
			<string>PBXBuildFile</string>
		</dict>
		<key>F1B10989D43E713C006ED041</key>
		<dict>
			<key>buildActionMask</key>
			<string>2147483647</string>
			<key>files</key>
			<array/>
			<key>inputPaths</key>
			<array/>
			<key>isa</key>
			<string>PBXShellScriptBuildPhase</string>
			<key>name</key>
			<string>[CP] Embed Pods Frameworks</string>
			<key>outputPaths</key>
			<array/>
			<key>runOnlyForDeploymentPostprocessing</key>
			<string>0</string>
			<key>shellPath</key>
			<string>/bin/sh</string>
			<key>shellScript</key>
			<string>"${SRCROOT}/Pods/Target Support Files/Pods-GeoConfess/Pods-GeoConfess-frameworks.sh"
</string>
			<key>showEnvVarsInLog</key>
			<string>0</string>
		</dict>
		<key>FA4F3E671C9C061A00566F3C</key>
		<dict>
			<key>fileEncoding</key>
			<string>4</string>
			<key>isa</key>
			<string>PBXFileReference</string>
			<key>lastKnownFileType</key>
			<string>sourcecode.swift</string>
			<key>path</key>
			<string>RestotePasswordViewController.swift</string>
			<key>sourceTree</key>
			<string>&lt;group&gt;</string>
		</dict>
		<key>FA4F3E681C9C061A00566F3C</key>
		<dict>
			<key>fileRef</key>
			<string>FA4F3E671C9C061A00566F3C</string>
			<key>isa</key>
			<string>PBXBuildFile</string>
		</dict>
	</dict>
	<key>rootObject</key>
	<string>84C4BF401C806BDF00D4593D</string>
</dict>
</plist>
